// !$*UTF8*$!
{
	archiveVersion = 1;
	classes = {
	};
	objectVersion = 46;
	objects = {

/* Begin PBXBuildFile section */
		70718D80190A4201002ADC5F /* CDVBase64Tests.m in Sources */ = {isa = PBXBuildFile; fileRef = 70718D7F190A4201002ADC5F /* CDVBase64Tests.m */; };
		70BD673E18FF9DAE00A1EFCF /* Cocoa.framework in Frameworks */ = {isa = PBXBuildFile; fileRef = 70BD673D18FF9DAE00A1EFCF /* Cocoa.framework */; };
		70BD675918FF9DAE00A1EFCF /* InfoPlist.strings in Resources */ = {isa = PBXBuildFile; fileRef = 70BD675718FF9DAE00A1EFCF /* InfoPlist.strings */; };
		70BD679718FFA12D00A1EFCF /* CDVBridge.h in Headers */ = {isa = PBXBuildFile; fileRef = 70BD676F18FFA12D00A1EFCF /* CDVBridge.h */; settings = {ATTRIBUTES = (Public, ); }; };
		70BD679818FFA12D00A1EFCF /* CDVBridge.m in Sources */ = {isa = PBXBuildFile; fileRef = 70BD677018FFA12D00A1EFCF /* CDVBridge.m */; };
		70BD679918FFA12D00A1EFCF /* CDVViewController.h in Headers */ = {isa = PBXBuildFile; fileRef = 70BD677118FFA12D00A1EFCF /* CDVViewController.h */; settings = {ATTRIBUTES = (Public, ); }; };
		70BD679A18FFA12D00A1EFCF /* CDVViewController.m in Sources */ = {isa = PBXBuildFile; fileRef = 70BD677218FFA12D00A1EFCF /* CDVViewController.m */; };
		70BD679B18FFA12D00A1EFCF /* CDVWebViewDelegate.h in Headers */ = {isa = PBXBuildFile; fileRef = 70BD677318FFA12D00A1EFCF /* CDVWebViewDelegate.h */; settings = {ATTRIBUTES = (Public, ); }; };
		70BD679C18FFA12D00A1EFCF /* CDVWebViewDelegate.m in Sources */ = {isa = PBXBuildFile; fileRef = 70BD677418FFA12D00A1EFCF /* CDVWebViewDelegate.m */; };
		70BD679D18FFA12D00A1EFCF /* CDV.h in Headers */ = {isa = PBXBuildFile; fileRef = 70BD677618FFA12D00A1EFCF /* CDV.h */; settings = {ATTRIBUTES = (Public, ); }; };
		70BD679E18FFA12D00A1EFCF /* CDVAvailability.h in Headers */ = {isa = PBXBuildFile; fileRef = 70BD677718FFA12D00A1EFCF /* CDVAvailability.h */; settings = {ATTRIBUTES = (Public, ); }; };
		70BD679F18FFA12D00A1EFCF /* CDVCommandDelegate.h in Headers */ = {isa = PBXBuildFile; fileRef = 70BD677818FFA12D00A1EFCF /* CDVCommandDelegate.h */; settings = {ATTRIBUTES = (Public, ); }; };
		70BD67A018FFA12D00A1EFCF /* CDVCommandDelegateImpl.h in Headers */ = {isa = PBXBuildFile; fileRef = 70BD677918FFA12D00A1EFCF /* CDVCommandDelegateImpl.h */; settings = {ATTRIBUTES = (Public, ); }; };
		70BD67A118FFA12D00A1EFCF /* CDVCommandDelegateImpl.m in Sources */ = {isa = PBXBuildFile; fileRef = 70BD677A18FFA12D00A1EFCF /* CDVCommandDelegateImpl.m */; };
		70BD67A218FFA12D00A1EFCF /* CDVCommandQueue.h in Headers */ = {isa = PBXBuildFile; fileRef = 70BD677B18FFA12D00A1EFCF /* CDVCommandQueue.h */; settings = {ATTRIBUTES = (Public, ); }; };
		70BD67A318FFA12D00A1EFCF /* CDVCommandQueue.m in Sources */ = {isa = PBXBuildFile; fileRef = 70BD677C18FFA12D00A1EFCF /* CDVCommandQueue.m */; };
		70BD67A418FFA12D00A1EFCF /* CDVConfigParser.h in Headers */ = {isa = PBXBuildFile; fileRef = 70BD677D18FFA12D00A1EFCF /* CDVConfigParser.h */; settings = {ATTRIBUTES = (Public, ); }; };
		70BD67A518FFA12D00A1EFCF /* CDVConfigParser.m in Sources */ = {isa = PBXBuildFile; fileRef = 70BD677E18FFA12D00A1EFCF /* CDVConfigParser.m */; };
		70BD67A618FFA12D00A1EFCF /* CDVConnection.h in Headers */ = {isa = PBXBuildFile; fileRef = 70BD677F18FFA12D00A1EFCF /* CDVConnection.h */; settings = {ATTRIBUTES = (Public, ); }; };
		70BD67A718FFA12D00A1EFCF /* CDVConnection.m in Sources */ = {isa = PBXBuildFile; fileRef = 70BD678018FFA12D00A1EFCF /* CDVConnection.m */; };
		70BD67A818FFA12D00A1EFCF /* CDVConsole.h in Headers */ = {isa = PBXBuildFile; fileRef = 70BD678118FFA12D00A1EFCF /* CDVConsole.h */; settings = {ATTRIBUTES = (Public, ); }; };
		70BD67A918FFA12D00A1EFCF /* CDVConsole.m in Sources */ = {isa = PBXBuildFile; fileRef = 70BD678218FFA12D00A1EFCF /* CDVConsole.m */; };
		70BD67AA18FFA12D00A1EFCF /* CDVDebug.h in Headers */ = {isa = PBXBuildFile; fileRef = 70BD678318FFA12D00A1EFCF /* CDVDebug.h */; settings = {ATTRIBUTES = (Public, ); }; };
		70BD67AB18FFA12D00A1EFCF /* CDVDevice.h in Headers */ = {isa = PBXBuildFile; fileRef = 70BD678418FFA12D00A1EFCF /* CDVDevice.h */; settings = {ATTRIBUTES = (Public, ); }; };
		70BD67AC18FFA12D00A1EFCF /* CDVDevice.m in Sources */ = {isa = PBXBuildFile; fileRef = 70BD678518FFA12D00A1EFCF /* CDVDevice.m */; };
		70BD67AD18FFA12D00A1EFCF /* CDVInvokedUrlCommand.h in Headers */ = {isa = PBXBuildFile; fileRef = 70BD678618FFA12D00A1EFCF /* CDVInvokedUrlCommand.h */; settings = {ATTRIBUTES = (Public, ); }; };
		70BD67AE18FFA12D00A1EFCF /* CDVInvokedUrlCommand.m in Sources */ = {isa = PBXBuildFile; fileRef = 70BD678718FFA12D00A1EFCF /* CDVInvokedUrlCommand.m */; };
		70BD67AF18FFA12D00A1EFCF /* CDVJSON.h in Headers */ = {isa = PBXBuildFile; fileRef = 70BD678818FFA12D00A1EFCF /* CDVJSON.h */; settings = {ATTRIBUTES = (Public, ); }; };
		70BD67B018FFA12D00A1EFCF /* CDVJSON.m in Sources */ = {isa = PBXBuildFile; fileRef = 70BD678918FFA12D00A1EFCF /* CDVJSON.m */; };
		70BD67B118FFA12D00A1EFCF /* CDVPlugin.h in Headers */ = {isa = PBXBuildFile; fileRef = 70BD678A18FFA12D00A1EFCF /* CDVPlugin.h */; settings = {ATTRIBUTES = (Public, ); }; };
		70BD67B218FFA12D00A1EFCF /* CDVPlugin.m in Sources */ = {isa = PBXBuildFile; fileRef = 70BD678B18FFA12D00A1EFCF /* CDVPlugin.m */; };
		70BD67B318FFA12D00A1EFCF /* CDVPluginResult.h in Headers */ = {isa = PBXBuildFile; fileRef = 70BD678C18FFA12D00A1EFCF /* CDVPluginResult.h */; settings = {ATTRIBUTES = (Public, ); }; };
		70BD67B418FFA12D00A1EFCF /* CDVPluginResult.m in Sources */ = {isa = PBXBuildFile; fileRef = 70BD678D18FFA12D00A1EFCF /* CDVPluginResult.m */; };
		70BD67B518FFA12D00A1EFCF /* CDVReachability.h in Headers */ = {isa = PBXBuildFile; fileRef = 70BD678E18FFA12D00A1EFCF /* CDVReachability.h */; settings = {ATTRIBUTES = (Public, ); }; };
		70BD67B618FFA12D00A1EFCF /* CDVReachability.m in Sources */ = {isa = PBXBuildFile; fileRef = 70BD678F18FFA12D00A1EFCF /* CDVReachability.m */; };
		70BD67B718FFA12D00A1EFCF /* NSData+Base64.h in Headers */ = {isa = PBXBuildFile; fileRef = 70BD679118FFA12D00A1EFCF /* NSData+Base64.h */; settings = {ATTRIBUTES = (Public, ); }; };
		70BD67B818FFA12D00A1EFCF /* NSData+Base64.m in Sources */ = {isa = PBXBuildFile; fileRef = 70BD679218FFA12D00A1EFCF /* NSData+Base64.m */; };
		70BD67B918FFA12D00A1EFCF /* NSWindow+Utils.h in Headers */ = {isa = PBXBuildFile; fileRef = 70BD679318FFA12D00A1EFCF /* NSWindow+Utils.h */; };
		70BD67BA18FFA12D00A1EFCF /* NSWindow+Utils.m in Sources */ = {isa = PBXBuildFile; fileRef = 70BD679418FFA12D00A1EFCF /* NSWindow+Utils.m */; };
		70BD67BB18FFA12D00A1EFCF /* ShellUtils.h in Headers */ = {isa = PBXBuildFile; fileRef = 70BD679518FFA12D00A1EFCF /* ShellUtils.h */; settings = {ATTRIBUTES = (Public, ); }; };
		70BD67BC18FFA12D00A1EFCF /* ShellUtils.m in Sources */ = {isa = PBXBuildFile; fileRef = 70BD679618FFA12D00A1EFCF /* ShellUtils.m */; };
		70DAA8E71908E05900AF3749 /* CDVStartPageTests.m in Sources */ = {isa = PBXBuildFile; fileRef = 70DAA8E61908E05900AF3749 /* CDVStartPageTests.m */; };
		70DAA8EA1908E07E00AF3749 /* CDVWebViewTest.m in Sources */ = {isa = PBXBuildFile; fileRef = 70DAA8E91908E07E00AF3749 /* CDVWebViewTest.m */; };
		70DAA8F11908E37C00AF3749 /* Cocoa.framework in Frameworks */ = {isa = PBXBuildFile; fileRef = 70BD673D18FF9DAE00A1EFCF /* Cocoa.framework */; };
		70DAA8F71908E37C00AF3749 /* InfoPlist.strings in Resources */ = {isa = PBXBuildFile; fileRef = 70DAA8F51908E37C00AF3749 /* InfoPlist.strings */; };
		70DAA8F91908E37C00AF3749 /* main.m in Sources */ = {isa = PBXBuildFile; fileRef = 70DAA8F81908E37C00AF3749 /* main.m */; };
		70DAA8FD1908E37C00AF3749 /* Credits.rtf in Resources */ = {isa = PBXBuildFile; fileRef = 70DAA8FB1908E37C00AF3749 /* Credits.rtf */; };
		70DAA9001908E37C00AF3749 /* AppDelegate.m in Sources */ = {isa = PBXBuildFile; fileRef = 70DAA8FF1908E37C00AF3749 /* AppDelegate.m */; };
		70DAA91F1908E7CC00AF3749 /* MainViewController.xib in Resources */ = {isa = PBXBuildFile; fileRef = 70DAA91E1908E7CC00AF3749 /* MainViewController.xib */; };
		70DAA9221908E80C00AF3749 /* www in Resources */ = {isa = PBXBuildFile; fileRef = 70DAA9201908E80C00AF3749 /* www */; };
		70DAA9231908E80C00AF3749 /* config.xml in Resources */ = {isa = PBXBuildFile; fileRef = 70DAA9211908E80C00AF3749 /* config.xml */; };
		70DAA9251908E82600AF3749 /* WebKit.framework in Frameworks */ = {isa = PBXBuildFile; fileRef = 70DAA9241908E82600AF3749 /* WebKit.framework */; };
		70DAA9261908E84800AF3749 /* libCordova.a in Frameworks */ = {isa = PBXBuildFile; fileRef = 70BD673A18FF9DAE00A1EFCF /* libCordova.a */; };
		70DAA9291908E93500AF3749 /* MainViewController.m in Sources */ = {isa = PBXBuildFile; fileRef = 70DAA9281908E93500AF3749 /* MainViewController.m */; };
		70E382C91909BBFF0029A2F0 /* SenTestingKit.framework in Frameworks */ = {isa = PBXBuildFile; fileRef = 70E382C81909BBFF0029A2F0 /* SenTestingKit.framework */; settings = {ATTRIBUTES = (Weak, ); }; };
		EC97BEAC190C508800974B23 /* NSArray+Comparisons.h in Headers */ = {isa = PBXBuildFile; fileRef = EC97BEA6190C508800974B23 /* NSArray+Comparisons.h */; settings = {ATTRIBUTES = (Public, ); }; };
		EC97BEAD190C508800974B23 /* NSArray+Comparisons.m in Sources */ = {isa = PBXBuildFile; fileRef = EC97BEA7190C508800974B23 /* NSArray+Comparisons.m */; };
		EC97BEAE190C508800974B23 /* NSDictionary+Extensions.h in Headers */ = {isa = PBXBuildFile; fileRef = EC97BEA8190C508800974B23 /* NSDictionary+Extensions.h */; settings = {ATTRIBUTES = (Public, ); }; };
		EC97BEAF190C508800974B23 /* NSDictionary+Extensions.m in Sources */ = {isa = PBXBuildFile; fileRef = EC97BEA9190C508800974B23 /* NSDictionary+Extensions.m */; };
		EC97BEB0190C508800974B23 /* NSMutableArray+QueueAdditions.h in Headers */ = {isa = PBXBuildFile; fileRef = EC97BEAA190C508800974B23 /* NSMutableArray+QueueAdditions.h */; };
		EC97BEB1190C508800974B23 /* NSMutableArray+QueueAdditions.m in Sources */ = {isa = PBXBuildFile; fileRef = EC97BEAB190C508800974B23 /* NSMutableArray+QueueAdditions.m */; };
/* End PBXBuildFile section */

/* Begin PBXContainerItemProxy section */
		70BD675118FF9DAE00A1EFCF /* PBXContainerItemProxy */ = {
			isa = PBXContainerItemProxy;
			containerPortal = 70BD673218FF9DAE00A1EFCF /* Project object */;
			proxyType = 1;
			remoteGlobalIDString = 70BD673918FF9DAE00A1EFCF;
			remoteInfo = CordovaLib;
		};
/* End PBXContainerItemProxy section */

/* Begin PBXFileReference section */
		70718D7F190A4201002ADC5F /* CDVBase64Tests.m */ = {isa = PBXFileReference; fileEncoding = 4; lastKnownFileType = sourcecode.c.objc; path = CDVBase64Tests.m; sourceTree = "<group>"; };
		70BD673A18FF9DAE00A1EFCF /* libCordova.a */ = {isa = PBXFileReference; explicitFileType = archive.ar; includeInIndex = 0; path = libCordova.a; sourceTree = BUILT_PRODUCTS_DIR; };
		70BD673D18FF9DAE00A1EFCF /* Cocoa.framework */ = {isa = PBXFileReference; lastKnownFileType = wrapper.framework; name = Cocoa.framework; path = System/Library/Frameworks/Cocoa.framework; sourceTree = SDKROOT; };
		70BD674018FF9DAE00A1EFCF /* Foundation.framework */ = {isa = PBXFileReference; lastKnownFileType = wrapper.framework; name = Foundation.framework; path = System/Library/Frameworks/Foundation.framework; sourceTree = SDKROOT; };
		70BD674118FF9DAE00A1EFCF /* CoreData.framework */ = {isa = PBXFileReference; lastKnownFileType = wrapper.framework; name = CoreData.framework; path = System/Library/Frameworks/CoreData.framework; sourceTree = SDKROOT; };
		70BD674218FF9DAE00A1EFCF /* AppKit.framework */ = {isa = PBXFileReference; lastKnownFileType = wrapper.framework; name = AppKit.framework; path = System/Library/Frameworks/AppKit.framework; sourceTree = SDKROOT; };
		70BD674518FF9DAE00A1EFCF /* CordovaLib-Prefix.pch */ = {isa = PBXFileReference; lastKnownFileType = sourcecode.c.h; path = "CordovaLib-Prefix.pch"; sourceTree = "<group>"; };
		70BD674D18FF9DAE00A1EFCF /* CordovaLibTests.octest */ = {isa = PBXFileReference; explicitFileType = wrapper.cfbundle; includeInIndex = 0; path = CordovaLibTests.octest; sourceTree = BUILT_PRODUCTS_DIR; };
		70BD674E18FF9DAE00A1EFCF /* XCTest.framework */ = {isa = PBXFileReference; lastKnownFileType = wrapper.framework; name = XCTest.framework; path = Library/Frameworks/XCTest.framework; sourceTree = DEVELOPER_DIR; };
		70BD675618FF9DAE00A1EFCF /* CordovaLibTests-Info.plist */ = {isa = PBXFileReference; lastKnownFileType = text.plist.xml; path = "CordovaLibTests-Info.plist"; sourceTree = "<group>"; };
		70BD675818FF9DAE00A1EFCF /* en */ = {isa = PBXFileReference; lastKnownFileType = text.plist.strings; name = en; path = en.lproj/InfoPlist.strings; sourceTree = "<group>"; };
		70BD676F18FFA12D00A1EFCF /* CDVBridge.h */ = {isa = PBXFileReference; fileEncoding = 4; lastKnownFileType = sourcecode.c.h; path = CDVBridge.h; sourceTree = "<group>"; };
		70BD677018FFA12D00A1EFCF /* CDVBridge.m */ = {isa = PBXFileReference; fileEncoding = 4; lastKnownFileType = sourcecode.c.objc; path = CDVBridge.m; sourceTree = "<group>"; };
		70BD677118FFA12D00A1EFCF /* CDVViewController.h */ = {isa = PBXFileReference; fileEncoding = 4; lastKnownFileType = sourcecode.c.h; path = CDVViewController.h; sourceTree = "<group>"; };
		70BD677218FFA12D00A1EFCF /* CDVViewController.m */ = {isa = PBXFileReference; fileEncoding = 4; lastKnownFileType = sourcecode.c.objc; path = CDVViewController.m; sourceTree = "<group>"; };
		70BD677318FFA12D00A1EFCF /* CDVWebViewDelegate.h */ = {isa = PBXFileReference; fileEncoding = 4; lastKnownFileType = sourcecode.c.h; path = CDVWebViewDelegate.h; sourceTree = "<group>"; };
		70BD677418FFA12D00A1EFCF /* CDVWebViewDelegate.m */ = {isa = PBXFileReference; fileEncoding = 4; lastKnownFileType = sourcecode.c.objc; path = CDVWebViewDelegate.m; sourceTree = "<group>"; };
		70BD677618FFA12D00A1EFCF /* CDV.h */ = {isa = PBXFileReference; fileEncoding = 4; lastKnownFileType = sourcecode.c.h; path = CDV.h; sourceTree = "<group>"; };
		70BD677718FFA12D00A1EFCF /* CDVAvailability.h */ = {isa = PBXFileReference; fileEncoding = 4; lastKnownFileType = sourcecode.c.h; path = CDVAvailability.h; sourceTree = "<group>"; };
		70BD677818FFA12D00A1EFCF /* CDVCommandDelegate.h */ = {isa = PBXFileReference; fileEncoding = 4; lastKnownFileType = sourcecode.c.h; path = CDVCommandDelegate.h; sourceTree = "<group>"; };
		70BD677918FFA12D00A1EFCF /* CDVCommandDelegateImpl.h */ = {isa = PBXFileReference; fileEncoding = 4; lastKnownFileType = sourcecode.c.h; path = CDVCommandDelegateImpl.h; sourceTree = "<group>"; };
		70BD677A18FFA12D00A1EFCF /* CDVCommandDelegateImpl.m */ = {isa = PBXFileReference; fileEncoding = 4; lastKnownFileType = sourcecode.c.objc; path = CDVCommandDelegateImpl.m; sourceTree = "<group>"; };
		70BD677B18FFA12D00A1EFCF /* CDVCommandQueue.h */ = {isa = PBXFileReference; fileEncoding = 4; lastKnownFileType = sourcecode.c.h; path = CDVCommandQueue.h; sourceTree = "<group>"; };
		70BD677C18FFA12D00A1EFCF /* CDVCommandQueue.m */ = {isa = PBXFileReference; fileEncoding = 4; lastKnownFileType = sourcecode.c.objc; path = CDVCommandQueue.m; sourceTree = "<group>"; };
		70BD677D18FFA12D00A1EFCF /* CDVConfigParser.h */ = {isa = PBXFileReference; fileEncoding = 4; lastKnownFileType = sourcecode.c.h; path = CDVConfigParser.h; sourceTree = "<group>"; };
		70BD677E18FFA12D00A1EFCF /* CDVConfigParser.m */ = {isa = PBXFileReference; fileEncoding = 4; lastKnownFileType = sourcecode.c.objc; path = CDVConfigParser.m; sourceTree = "<group>"; };
		70BD677F18FFA12D00A1EFCF /* CDVConnection.h */ = {isa = PBXFileReference; fileEncoding = 4; lastKnownFileType = sourcecode.c.h; path = CDVConnection.h; sourceTree = "<group>"; };
		70BD678018FFA12D00A1EFCF /* CDVConnection.m */ = {isa = PBXFileReference; fileEncoding = 4; lastKnownFileType = sourcecode.c.objc; path = CDVConnection.m; sourceTree = "<group>"; };
		70BD678118FFA12D00A1EFCF /* CDVConsole.h */ = {isa = PBXFileReference; fileEncoding = 4; lastKnownFileType = sourcecode.c.h; path = CDVConsole.h; sourceTree = "<group>"; };
		70BD678218FFA12D00A1EFCF /* CDVConsole.m */ = {isa = PBXFileReference; fileEncoding = 4; lastKnownFileType = sourcecode.c.objc; path = CDVConsole.m; sourceTree = "<group>"; };
		70BD678318FFA12D00A1EFCF /* CDVDebug.h */ = {isa = PBXFileReference; fileEncoding = 4; lastKnownFileType = sourcecode.c.h; path = CDVDebug.h; sourceTree = "<group>"; };
		70BD678418FFA12D00A1EFCF /* CDVDevice.h */ = {isa = PBXFileReference; fileEncoding = 4; lastKnownFileType = sourcecode.c.h; path = CDVDevice.h; sourceTree = "<group>"; };
		70BD678518FFA12D00A1EFCF /* CDVDevice.m */ = {isa = PBXFileReference; fileEncoding = 4; lastKnownFileType = sourcecode.c.objc; path = CDVDevice.m; sourceTree = "<group>"; };
		70BD678618FFA12D00A1EFCF /* CDVInvokedUrlCommand.h */ = {isa = PBXFileReference; fileEncoding = 4; lastKnownFileType = sourcecode.c.h; path = CDVInvokedUrlCommand.h; sourceTree = "<group>"; };
		70BD678718FFA12D00A1EFCF /* CDVInvokedUrlCommand.m */ = {isa = PBXFileReference; fileEncoding = 4; lastKnownFileType = sourcecode.c.objc; path = CDVInvokedUrlCommand.m; sourceTree = "<group>"; };
		70BD678818FFA12D00A1EFCF /* CDVJSON.h */ = {isa = PBXFileReference; fileEncoding = 4; lastKnownFileType = sourcecode.c.h; path = CDVJSON.h; sourceTree = "<group>"; };
		70BD678918FFA12D00A1EFCF /* CDVJSON.m */ = {isa = PBXFileReference; fileEncoding = 4; lastKnownFileType = sourcecode.c.objc; path = CDVJSON.m; sourceTree = "<group>"; };
		70BD678A18FFA12D00A1EFCF /* CDVPlugin.h */ = {isa = PBXFileReference; fileEncoding = 4; lastKnownFileType = sourcecode.c.h; path = CDVPlugin.h; sourceTree = "<group>"; };
		70BD678B18FFA12D00A1EFCF /* CDVPlugin.m */ = {isa = PBXFileReference; fileEncoding = 4; lastKnownFileType = sourcecode.c.objc; path = CDVPlugin.m; sourceTree = "<group>"; };
		70BD678C18FFA12D00A1EFCF /* CDVPluginResult.h */ = {isa = PBXFileReference; fileEncoding = 4; lastKnownFileType = sourcecode.c.h; path = CDVPluginResult.h; sourceTree = "<group>"; };
		70BD678D18FFA12D00A1EFCF /* CDVPluginResult.m */ = {isa = PBXFileReference; fileEncoding = 4; lastKnownFileType = sourcecode.c.objc; path = CDVPluginResult.m; sourceTree = "<group>"; };
		70BD678E18FFA12D00A1EFCF /* CDVReachability.h */ = {isa = PBXFileReference; fileEncoding = 4; lastKnownFileType = sourcecode.c.h; path = CDVReachability.h; sourceTree = "<group>"; };
		70BD678F18FFA12D00A1EFCF /* CDVReachability.m */ = {isa = PBXFileReference; fileEncoding = 4; lastKnownFileType = sourcecode.c.objc; path = CDVReachability.m; sourceTree = "<group>"; };
		70BD679118FFA12D00A1EFCF /* NSData+Base64.h */ = {isa = PBXFileReference; fileEncoding = 4; lastKnownFileType = sourcecode.c.h; path = "NSData+Base64.h"; sourceTree = "<group>"; };
		70BD679218FFA12D00A1EFCF /* NSData+Base64.m */ = {isa = PBXFileReference; fileEncoding = 4; lastKnownFileType = sourcecode.c.objc; path = "NSData+Base64.m"; sourceTree = "<group>"; };
		70BD679318FFA12D00A1EFCF /* NSWindow+Utils.h */ = {isa = PBXFileReference; fileEncoding = 4; lastKnownFileType = sourcecode.c.h; path = "NSWindow+Utils.h"; sourceTree = "<group>"; };
		70BD679418FFA12D00A1EFCF /* NSWindow+Utils.m */ = {isa = PBXFileReference; fileEncoding = 4; lastKnownFileType = sourcecode.c.objc; path = "NSWindow+Utils.m"; sourceTree = "<group>"; };
		70BD679518FFA12D00A1EFCF /* ShellUtils.h */ = {isa = PBXFileReference; fileEncoding = 4; lastKnownFileType = sourcecode.c.h; path = ShellUtils.h; sourceTree = "<group>"; };
		70BD679618FFA12D00A1EFCF /* ShellUtils.m */ = {isa = PBXFileReference; fileEncoding = 4; lastKnownFileType = sourcecode.c.objc; path = ShellUtils.m; sourceTree = "<group>"; };
		70DAA8E61908E05900AF3749 /* CDVStartPageTests.m */ = {isa = PBXFileReference; fileEncoding = 4; lastKnownFileType = sourcecode.c.objc; path = CDVStartPageTests.m; sourceTree = "<group>"; };
		70DAA8E81908E07E00AF3749 /* CDVWebViewTest.h */ = {isa = PBXFileReference; fileEncoding = 4; lastKnownFileType = sourcecode.c.h; path = CDVWebViewTest.h; sourceTree = "<group>"; };
		70DAA8E91908E07E00AF3749 /* CDVWebViewTest.m */ = {isa = PBXFileReference; fileEncoding = 4; lastKnownFileType = sourcecode.c.objc; path = CDVWebViewTest.m; sourceTree = "<group>"; };
		70DAA8F01908E37C00AF3749 /* TestApp.app */ = {isa = PBXFileReference; explicitFileType = wrapper.application; includeInIndex = 0; path = TestApp.app; sourceTree = BUILT_PRODUCTS_DIR; };
		70DAA8F41908E37C00AF3749 /* TestApp-Info.plist */ = {isa = PBXFileReference; lastKnownFileType = text.plist.xml; path = "TestApp-Info.plist"; sourceTree = "<group>"; };
		70DAA8F61908E37C00AF3749 /* en */ = {isa = PBXFileReference; lastKnownFileType = text.plist.strings; name = en; path = en.lproj/InfoPlist.strings; sourceTree = "<group>"; };
		70DAA8F81908E37C00AF3749 /* main.m */ = {isa = PBXFileReference; lastKnownFileType = sourcecode.c.objc; path = main.m; sourceTree = "<group>"; };
		70DAA8FA1908E37C00AF3749 /* TestApp-Prefix.pch */ = {isa = PBXFileReference; lastKnownFileType = sourcecode.c.h; path = "TestApp-Prefix.pch"; sourceTree = "<group>"; };
		70DAA8FC1908E37C00AF3749 /* en */ = {isa = PBXFileReference; lastKnownFileType = text.rtf; name = en; path = en.lproj/Credits.rtf; sourceTree = "<group>"; };
		70DAA8FE1908E37C00AF3749 /* AppDelegate.h */ = {isa = PBXFileReference; lastKnownFileType = sourcecode.c.h; path = AppDelegate.h; sourceTree = "<group>"; };
		70DAA8FF1908E37C00AF3749 /* AppDelegate.m */ = {isa = PBXFileReference; lastKnownFileType = sourcecode.c.objc; path = AppDelegate.m; sourceTree = "<group>"; };
		70DAA91E1908E7CC00AF3749 /* MainViewController.xib */ = {isa = PBXFileReference; fileEncoding = 4; lastKnownFileType = file.xib; path = MainViewController.xib; sourceTree = "<group>"; };
		70DAA9201908E80C00AF3749 /* www */ = {isa = PBXFileReference; lastKnownFileType = folder; path = www; sourceTree = "<group>"; };
		70DAA9211908E80C00AF3749 /* config.xml */ = {isa = PBXFileReference; fileEncoding = 4; lastKnownFileType = text.xml; path = config.xml; sourceTree = "<group>"; };
		70DAA9241908E82600AF3749 /* WebKit.framework */ = {isa = PBXFileReference; lastKnownFileType = wrapper.framework; name = WebKit.framework; path = System/Library/Frameworks/WebKit.framework; sourceTree = SDKROOT; };
		70DAA9271908E93500AF3749 /* MainViewController.h */ = {isa = PBXFileReference; fileEncoding = 4; lastKnownFileType = sourcecode.c.h; path = MainViewController.h; sourceTree = "<group>"; };
		70DAA9281908E93500AF3749 /* MainViewController.m */ = {isa = PBXFileReference; fileEncoding = 4; lastKnownFileType = sourcecode.c.objc; path = MainViewController.m; sourceTree = "<group>"; };
		70E382C81909BBFF0029A2F0 /* SenTestingKit.framework */ = {isa = PBXFileReference; lastKnownFileType = wrapper.framework; name = SenTestingKit.framework; path = Library/Frameworks/SenTestingKit.framework; sourceTree = DEVELOPER_DIR; };
		EC97BEA6190C508800974B23 /* NSArray+Comparisons.h */ = {isa = PBXFileReference; fileEncoding = 4; lastKnownFileType = sourcecode.c.h; path = "NSArray+Comparisons.h"; sourceTree = "<group>"; };
		EC97BEA7190C508800974B23 /* NSArray+Comparisons.m */ = {isa = PBXFileReference; fileEncoding = 4; lastKnownFileType = sourcecode.c.objc; path = "NSArray+Comparisons.m"; sourceTree = "<group>"; };
		EC97BEA8190C508800974B23 /* NSDictionary+Extensions.h */ = {isa = PBXFileReference; fileEncoding = 4; lastKnownFileType = sourcecode.c.h; path = "NSDictionary+Extensions.h"; sourceTree = "<group>"; };
		EC97BEA9190C508800974B23 /* NSDictionary+Extensions.m */ = {isa = PBXFileReference; fileEncoding = 4; lastKnownFileType = sourcecode.c.objc; path = "NSDictionary+Extensions.m"; sourceTree = "<group>"; };
		EC97BEAA190C508800974B23 /* NSMutableArray+QueueAdditions.h */ = {isa = PBXFileReference; fileEncoding = 4; lastKnownFileType = sourcecode.c.h; path = "NSMutableArray+QueueAdditions.h"; sourceTree = "<group>"; };
		EC97BEAB190C508800974B23 /* NSMutableArray+QueueAdditions.m */ = {isa = PBXFileReference; fileEncoding = 4; lastKnownFileType = sourcecode.c.objc; path = "NSMutableArray+QueueAdditions.m"; sourceTree = "<group>"; };
/* End PBXFileReference section */

/* Begin PBXFrameworksBuildPhase section */
		70BD673718FF9DAE00A1EFCF /* Frameworks */ = {
			isa = PBXFrameworksBuildPhase;
			buildActionMask = 2147483647;
			files = (
				70BD673E18FF9DAE00A1EFCF /* Cocoa.framework in Frameworks */,
			);
			runOnlyForDeploymentPostprocessing = 0;
		};
		70BD674A18FF9DAE00A1EFCF /* Frameworks */ = {
			isa = PBXFrameworksBuildPhase;
			buildActionMask = 2147483647;
			files = (
			);
			runOnlyForDeploymentPostprocessing = 0;
		};
		70DAA8ED1908E37C00AF3749 /* Frameworks */ = {
			isa = PBXFrameworksBuildPhase;
			buildActionMask = 2147483647;
			files = (
				70DAA9261908E84800AF3749 /* libCordova.a in Frameworks */,
				70DAA9251908E82600AF3749 /* WebKit.framework in Frameworks */,
				70DAA8F11908E37C00AF3749 /* Cocoa.framework in Frameworks */,
				70E382C91909BBFF0029A2F0 /* SenTestingKit.framework in Frameworks */,
			);
			runOnlyForDeploymentPostprocessing = 0;
		};
/* End PBXFrameworksBuildPhase section */

/* Begin PBXGroup section */
		70BD673118FF9DAE00A1EFCF = {
			isa = PBXGroup;
			children = (
				70BD674318FF9DAE00A1EFCF /* CordovaLib */,
				70BD675418FF9DAE00A1EFCF /* CordovaLibTests */,
				70BD673C18FF9DAE00A1EFCF /* Frameworks */,
				70BD673B18FF9DAE00A1EFCF /* Products */,
			);
			sourceTree = "<group>";
		};
		70BD673B18FF9DAE00A1EFCF /* Products */ = {
			isa = PBXGroup;
			children = (
				70BD673A18FF9DAE00A1EFCF /* libCordova.a */,
				70BD674D18FF9DAE00A1EFCF /* CordovaLibTests.octest */,
				70DAA8F01908E37C00AF3749 /* TestApp.app */,
			);
			name = Products;
			sourceTree = "<group>";
		};
		70BD673C18FF9DAE00A1EFCF /* Frameworks */ = {
			isa = PBXGroup;
			children = (
				70E382C81909BBFF0029A2F0 /* SenTestingKit.framework */,
				70DAA9241908E82600AF3749 /* WebKit.framework */,
				70BD673D18FF9DAE00A1EFCF /* Cocoa.framework */,
				70BD674E18FF9DAE00A1EFCF /* XCTest.framework */,
				70BD673F18FF9DAE00A1EFCF /* Other Frameworks */,
			);
			name = Frameworks;
			sourceTree = "<group>";
		};
		70BD673F18FF9DAE00A1EFCF /* Other Frameworks */ = {
			isa = PBXGroup;
			children = (
				70BD674018FF9DAE00A1EFCF /* Foundation.framework */,
				70BD674118FF9DAE00A1EFCF /* CoreData.framework */,
				70BD674218FF9DAE00A1EFCF /* AppKit.framework */,
			);
			name = "Other Frameworks";
			sourceTree = "<group>";
		};
		70BD674318FF9DAE00A1EFCF /* CordovaLib */ = {
			isa = PBXGroup;
			children = (
				70BD676E18FFA12D00A1EFCF /* Classes */,
				70BD674418FF9DAE00A1EFCF /* Supporting Files */,
			);
			path = CordovaLib;
			sourceTree = "<group>";
		};
		70BD674418FF9DAE00A1EFCF /* Supporting Files */ = {
			isa = PBXGroup;
			children = (
				70BD674518FF9DAE00A1EFCF /* CordovaLib-Prefix.pch */,
			);
			name = "Supporting Files";
			sourceTree = "<group>";
		};
		70BD675418FF9DAE00A1EFCF /* CordovaLibTests */ = {
			isa = PBXGroup;
			children = (
				70DAA8F21908E37C00AF3749 /* TestApp */,
				70DAA8E81908E07E00AF3749 /* CDVWebViewTest.h */,
				70DAA8E91908E07E00AF3749 /* CDVWebViewTest.m */,
				70718D7F190A4201002ADC5F /* CDVBase64Tests.m */,
				70DAA8E61908E05900AF3749 /* CDVStartPageTests.m */,
				70BD675518FF9DAE00A1EFCF /* Supporting Files */,
			);
			path = CordovaLibTests;
			sourceTree = "<group>";
		};
		70BD675518FF9DAE00A1EFCF /* Supporting Files */ = {
			isa = PBXGroup;
			children = (
				70BD675618FF9DAE00A1EFCF /* CordovaLibTests-Info.plist */,
				70BD675718FF9DAE00A1EFCF /* InfoPlist.strings */,
			);
			name = "Supporting Files";
			sourceTree = "<group>";
		};
		70BD676E18FFA12D00A1EFCF /* Classes */ = {
			isa = PBXGroup;
			children = (
				70BD676F18FFA12D00A1EFCF /* CDVBridge.h */,
				70BD677018FFA12D00A1EFCF /* CDVBridge.m */,
				70BD677118FFA12D00A1EFCF /* CDVViewController.h */,
				70BD677218FFA12D00A1EFCF /* CDVViewController.m */,
				70BD677318FFA12D00A1EFCF /* CDVWebViewDelegate.h */,
				70BD677418FFA12D00A1EFCF /* CDVWebViewDelegate.m */,
				70BD677518FFA12D00A1EFCF /* Commands */,
				70BD679018FFA12D00A1EFCF /* Utils */,
			);
			path = Classes;
			sourceTree = "<group>";
		};
		70BD677518FFA12D00A1EFCF /* Commands */ = {
			isa = PBXGroup;
			children = (
				70BD677618FFA12D00A1EFCF /* CDV.h */,
				70BD677718FFA12D00A1EFCF /* CDVAvailability.h */,
				70BD677818FFA12D00A1EFCF /* CDVCommandDelegate.h */,
				70BD677918FFA12D00A1EFCF /* CDVCommandDelegateImpl.h */,
				70BD677A18FFA12D00A1EFCF /* CDVCommandDelegateImpl.m */,
				70BD677B18FFA12D00A1EFCF /* CDVCommandQueue.h */,
				70BD677C18FFA12D00A1EFCF /* CDVCommandQueue.m */,
				70BD677D18FFA12D00A1EFCF /* CDVConfigParser.h */,
				70BD677E18FFA12D00A1EFCF /* CDVConfigParser.m */,
				70BD677F18FFA12D00A1EFCF /* CDVConnection.h */,
				70BD678018FFA12D00A1EFCF /* CDVConnection.m */,
				70BD678118FFA12D00A1EFCF /* CDVConsole.h */,
				70BD678218FFA12D00A1EFCF /* CDVConsole.m */,
				70BD678318FFA12D00A1EFCF /* CDVDebug.h */,
				70BD678418FFA12D00A1EFCF /* CDVDevice.h */,
				70BD678518FFA12D00A1EFCF /* CDVDevice.m */,
				70BD678618FFA12D00A1EFCF /* CDVInvokedUrlCommand.h */,
				70BD678718FFA12D00A1EFCF /* CDVInvokedUrlCommand.m */,
				70BD678818FFA12D00A1EFCF /* CDVJSON.h */,
				70BD678918FFA12D00A1EFCF /* CDVJSON.m */,
				70BD678A18FFA12D00A1EFCF /* CDVPlugin.h */,
				70BD678B18FFA12D00A1EFCF /* CDVPlugin.m */,
				70BD678C18FFA12D00A1EFCF /* CDVPluginResult.h */,
				70BD678D18FFA12D00A1EFCF /* CDVPluginResult.m */,
				70BD678E18FFA12D00A1EFCF /* CDVReachability.h */,
				70BD678F18FFA12D00A1EFCF /* CDVReachability.m */,
			);
			path = Commands;
			sourceTree = "<group>";
		};
		70BD679018FFA12D00A1EFCF /* Utils */ = {
			isa = PBXGroup;
			children = (
				EC97BEA6190C508800974B23 /* NSArray+Comparisons.h */,
				EC97BEA7190C508800974B23 /* NSArray+Comparisons.m */,
				EC97BEA8190C508800974B23 /* NSDictionary+Extensions.h */,
				EC97BEA9190C508800974B23 /* NSDictionary+Extensions.m */,
				EC97BEAA190C508800974B23 /* NSMutableArray+QueueAdditions.h */,
				EC97BEAB190C508800974B23 /* NSMutableArray+QueueAdditions.m */,
				70BD679118FFA12D00A1EFCF /* NSData+Base64.h */,
				70BD679218FFA12D00A1EFCF /* NSData+Base64.m */,
				70BD679318FFA12D00A1EFCF /* NSWindow+Utils.h */,
				70BD679418FFA12D00A1EFCF /* NSWindow+Utils.m */,
				70BD679518FFA12D00A1EFCF /* ShellUtils.h */,
				70BD679618FFA12D00A1EFCF /* ShellUtils.m */,
			);
			path = Utils;
			sourceTree = "<group>";
		};
		70DAA8F21908E37C00AF3749 /* TestApp */ = {
			isa = PBXGroup;
			children = (
				70DAA9211908E80C00AF3749 /* config.xml */,
				70DAA9201908E80C00AF3749 /* www */,
				70DAA92A1908E99700AF3749 /* Classes */,
				70DAA92B1908E9B400AF3749 /* Supporting Files */,
			);
			path = TestApp;
			sourceTree = "<group>";
		};
		70DAA92A1908E99700AF3749 /* Classes */ = {
			isa = PBXGroup;
			children = (
				70DAA8FE1908E37C00AF3749 /* AppDelegate.h */,
				70DAA8FF1908E37C00AF3749 /* AppDelegate.m */,
				70DAA9271908E93500AF3749 /* MainViewController.h */,
				70DAA9281908E93500AF3749 /* MainViewController.m */,
			);
			name = Classes;
			sourceTree = "<group>";
		};
		70DAA92B1908E9B400AF3749 /* Supporting Files */ = {
			isa = PBXGroup;
			children = (
				70DAA91E1908E7CC00AF3749 /* MainViewController.xib */,
				70DAA8F41908E37C00AF3749 /* TestApp-Info.plist */,
				70DAA8FA1908E37C00AF3749 /* TestApp-Prefix.pch */,
				70DAA8F51908E37C00AF3749 /* InfoPlist.strings */,
				70DAA8F81908E37C00AF3749 /* main.m */,
				70DAA8FB1908E37C00AF3749 /* Credits.rtf */,
			);
			name = "Supporting Files";
			sourceTree = "<group>";
		};
/* End PBXGroup section */

/* Begin PBXHeadersBuildPhase section */
		70BD673818FF9DAE00A1EFCF /* Headers */ = {
			isa = PBXHeadersBuildPhase;
			buildActionMask = 2147483647;
			files = (
				70BD67A218FFA12D00A1EFCF /* CDVCommandQueue.h in Headers */,
				70BD67A418FFA12D00A1EFCF /* CDVConfigParser.h in Headers */,
				70BD679D18FFA12D00A1EFCF /* CDV.h in Headers */,
				70BD67B518FFA12D00A1EFCF /* CDVReachability.h in Headers */,
				EC97BEAC190C508800974B23 /* NSArray+Comparisons.h in Headers */,
				70BD67AD18FFA12D00A1EFCF /* CDVInvokedUrlCommand.h in Headers */,
				70BD679718FFA12D00A1EFCF /* CDVBridge.h in Headers */,
				70BD67AB18FFA12D00A1EFCF /* CDVDevice.h in Headers */,
				EC97BEAE190C508800974B23 /* NSDictionary+Extensions.h in Headers */,
				70BD67AF18FFA12D00A1EFCF /* CDVJSON.h in Headers */,
				70BD67AA18FFA12D00A1EFCF /* CDVDebug.h in Headers */,
				70BD679B18FFA12D00A1EFCF /* CDVWebViewDelegate.h in Headers */,
				70BD67A818FFA12D00A1EFCF /* CDVConsole.h in Headers */,
				70BD67B718FFA12D00A1EFCF /* NSData+Base64.h in Headers */,
				70BD679F18FFA12D00A1EFCF /* CDVCommandDelegate.h in Headers */,
				70BD679E18FFA12D00A1EFCF /* CDVAvailability.h in Headers */,
				70BD679918FFA12D00A1EFCF /* CDVViewController.h in Headers */,
				70BD67BB18FFA12D00A1EFCF /* ShellUtils.h in Headers */,
				70BD67B118FFA12D00A1EFCF /* CDVPlugin.h in Headers */,
				70BD67B318FFA12D00A1EFCF /* CDVPluginResult.h in Headers */,
				70BD67A618FFA12D00A1EFCF /* CDVConnection.h in Headers */,
				70BD67A018FFA12D00A1EFCF /* CDVCommandDelegateImpl.h in Headers */,
				EC97BEB0190C508800974B23 /* NSMutableArray+QueueAdditions.h in Headers */,
				70BD67B918FFA12D00A1EFCF /* NSWindow+Utils.h in Headers */,
			);
			runOnlyForDeploymentPostprocessing = 0;
		};
/* End PBXHeadersBuildPhase section */

/* Begin PBXNativeTarget section */
		70BD673918FF9DAE00A1EFCF /* Cordova */ = {
			isa = PBXNativeTarget;
			buildConfigurationList = 70BD675E18FF9DAE00A1EFCF /* Build configuration list for PBXNativeTarget "Cordova" */;
			buildPhases = (
				70BD673618FF9DAE00A1EFCF /* Sources */,
				70BD673718FF9DAE00A1EFCF /* Frameworks */,
				70BD673818FF9DAE00A1EFCF /* Headers */,
			);
			buildRules = (
			);
			dependencies = (
			);
			name = Cordova;
			productName = CordovaLib;
			productReference = 70BD673A18FF9DAE00A1EFCF /* libCordova.a */;
			productType = "com.apple.product-type.library.static";
		};
		70BD674C18FF9DAE00A1EFCF /* CordovaLibTests */ = {
			isa = PBXNativeTarget;
			buildConfigurationList = 70BD676118FF9DAE00A1EFCF /* Build configuration list for PBXNativeTarget "CordovaLibTests" */;
			buildPhases = (
				70BD674918FF9DAE00A1EFCF /* Sources */,
				70BD674A18FF9DAE00A1EFCF /* Frameworks */,
				70BD674B18FF9DAE00A1EFCF /* Resources */,
			);
			buildRules = (
			);
			dependencies = (
				70BD675218FF9DAE00A1EFCF /* PBXTargetDependency */,
			);
			name = CordovaLibTests;
			productName = CordovaLibTests;
			productReference = 70BD674D18FF9DAE00A1EFCF /* CordovaLibTests.octest */;
			productType = "com.apple.product-type.bundle.unit-test";
		};
		70DAA8EF1908E37C00AF3749 /* TestApp */ = {
			isa = PBXNativeTarget;
			buildConfigurationList = 70DAA9171908E37C00AF3749 /* Build configuration list for PBXNativeTarget "TestApp" */;
			buildPhases = (
				70DAA8EC1908E37C00AF3749 /* Sources */,
				70DAA8ED1908E37C00AF3749 /* Frameworks */,
				70DAA8EE1908E37C00AF3749 /* Resources */,
				70718D7E190A3F96002ADC5F /* Copy cordova.js to www direcrtory */,
			);
			buildRules = (
			);
			dependencies = (
			);
			name = TestApp;
			productName = TestApp;
			productReference = 70DAA8F01908E37C00AF3749 /* TestApp.app */;
			productType = "com.apple.product-type.application";
		};
/* End PBXNativeTarget section */

/* Begin PBXProject section */
		70BD673218FF9DAE00A1EFCF /* Project object */ = {
			isa = PBXProject;
			attributes = {
				LastUpgradeCheck = 0510;
				ORGANIZATIONNAME = "Apache Software Foundation";
				TargetAttributes = {
					70BD674C18FF9DAE00A1EFCF = {
						TestTargetID = 70DAA8EF1908E37C00AF3749;
					};
				};
			};
			buildConfigurationList = 70BD673518FF9DAE00A1EFCF /* Build configuration list for PBXProject "CordovaLib" */;
			compatibilityVersion = "Xcode 3.2";
			developmentRegion = English;
			hasScannedForEncodings = 0;
			knownRegions = (
				en,
				Base,
			);
			mainGroup = 70BD673118FF9DAE00A1EFCF;
			productRefGroup = 70BD673B18FF9DAE00A1EFCF /* Products */;
			projectDirPath = "";
			projectRoot = "";
			targets = (
				70BD673918FF9DAE00A1EFCF /* Cordova */,
				70BD674C18FF9DAE00A1EFCF /* CordovaLibTests */,
				70DAA8EF1908E37C00AF3749 /* TestApp */,
			);
		};
/* End PBXProject section */

/* Begin PBXResourcesBuildPhase section */
		70BD674B18FF9DAE00A1EFCF /* Resources */ = {
			isa = PBXResourcesBuildPhase;
			buildActionMask = 2147483647;
			files = (
				70BD675918FF9DAE00A1EFCF /* InfoPlist.strings in Resources */,
			);
			runOnlyForDeploymentPostprocessing = 0;
		};
		70DAA8EE1908E37C00AF3749 /* Resources */ = {
			isa = PBXResourcesBuildPhase;
			buildActionMask = 2147483647;
			files = (
				70DAA9221908E80C00AF3749 /* www in Resources */,
				70DAA8F71908E37C00AF3749 /* InfoPlist.strings in Resources */,
				70DAA91F1908E7CC00AF3749 /* MainViewController.xib in Resources */,
				70DAA8FD1908E37C00AF3749 /* Credits.rtf in Resources */,
				70DAA9231908E80C00AF3749 /* config.xml in Resources */,
			);
			runOnlyForDeploymentPostprocessing = 0;
		};
/* End PBXResourcesBuildPhase section */

/* Begin PBXShellScriptBuildPhase section */
		70718D7E190A3F96002ADC5F /* Copy cordova.js to www direcrtory */ = {
			isa = PBXShellScriptBuildPhase;
			buildActionMask = 2147483647;
			files = (
			);
			inputPaths = (
			);
			name = "Copy cordova.js to www direcrtory";
			outputPaths = (
			);
			runOnlyForDeploymentPostprocessing = 0;
			shellPath = /bin/sh;
			shellScript = "cp cordova.js \"$BUILT_PRODUCTS_DIR/$FULL_PRODUCT_NAME/Contents/Resources/www/cordova.js\"";
			showEnvVarsInLog = 0;
		};
/* End PBXShellScriptBuildPhase section */

/* Begin PBXSourcesBuildPhase section */
		70BD673618FF9DAE00A1EFCF /* Sources */ = {
			isa = PBXSourcesBuildPhase;
			buildActionMask = 2147483647;
			files = (
				70BD67A918FFA12D00A1EFCF /* CDVConsole.m in Sources */,
				EC97BEAD190C508800974B23 /* NSArray+Comparisons.m in Sources */,
				70BD67A118FFA12D00A1EFCF /* CDVCommandDelegateImpl.m in Sources */,
				70BD67AE18FFA12D00A1EFCF /* CDVInvokedUrlCommand.m in Sources */,
				70BD67B018FFA12D00A1EFCF /* CDVJSON.m in Sources */,
				70BD67A318FFA12D00A1EFCF /* CDVCommandQueue.m in Sources */,
				70BD67B818FFA12D00A1EFCF /* NSData+Base64.m in Sources */,
				70BD67AC18FFA12D00A1EFCF /* CDVDevice.m in Sources */,
				70BD67B618FFA12D00A1EFCF /* CDVReachability.m in Sources */,
				70BD679C18FFA12D00A1EFCF /* CDVWebViewDelegate.m in Sources */,
				EC97BEAF190C508800974B23 /* NSDictionary+Extensions.m in Sources */,
				EC97BEB1190C508800974B23 /* NSMutableArray+QueueAdditions.m in Sources */,
				70BD679818FFA12D00A1EFCF /* CDVBridge.m in Sources */,
				70BD67BC18FFA12D00A1EFCF /* ShellUtils.m in Sources */,
				70BD67A518FFA12D00A1EFCF /* CDVConfigParser.m in Sources */,
				70BD679A18FFA12D00A1EFCF /* CDVViewController.m in Sources */,
				70BD67B218FFA12D00A1EFCF /* CDVPlugin.m in Sources */,
				70BD67BA18FFA12D00A1EFCF /* NSWindow+Utils.m in Sources */,
				70BD67B418FFA12D00A1EFCF /* CDVPluginResult.m in Sources */,
				70BD67A718FFA12D00A1EFCF /* CDVConnection.m in Sources */,
			);
			runOnlyForDeploymentPostprocessing = 0;
		};
		70BD674918FF9DAE00A1EFCF /* Sources */ = {
			isa = PBXSourcesBuildPhase;
			buildActionMask = 2147483647;
			files = (
				70DAA8EA1908E07E00AF3749 /* CDVWebViewTest.m in Sources */,
				70718D80190A4201002ADC5F /* CDVBase64Tests.m in Sources */,
				70DAA8E71908E05900AF3749 /* CDVStartPageTests.m in Sources */,
			);
			runOnlyForDeploymentPostprocessing = 0;
		};
		70DAA8EC1908E37C00AF3749 /* Sources */ = {
			isa = PBXSourcesBuildPhase;
			buildActionMask = 2147483647;
			files = (
				70DAA9001908E37C00AF3749 /* AppDelegate.m in Sources */,
				70DAA9291908E93500AF3749 /* MainViewController.m in Sources */,
				70DAA8F91908E37C00AF3749 /* main.m in Sources */,
			);
			runOnlyForDeploymentPostprocessing = 0;
		};
/* End PBXSourcesBuildPhase section */

/* Begin PBXTargetDependency section */
		70BD675218FF9DAE00A1EFCF /* PBXTargetDependency */ = {
			isa = PBXTargetDependency;
			target = 70BD673918FF9DAE00A1EFCF /* Cordova */;
			targetProxy = 70BD675118FF9DAE00A1EFCF /* PBXContainerItemProxy */;
		};
/* End PBXTargetDependency section */

/* Begin PBXVariantGroup section */
		70BD675718FF9DAE00A1EFCF /* InfoPlist.strings */ = {
			isa = PBXVariantGroup;
			children = (
				70BD675818FF9DAE00A1EFCF /* en */,
			);
			name = InfoPlist.strings;
			sourceTree = "<group>";
		};
		70DAA8F51908E37C00AF3749 /* InfoPlist.strings */ = {
			isa = PBXVariantGroup;
			children = (
				70DAA8F61908E37C00AF3749 /* en */,
			);
			name = InfoPlist.strings;
			sourceTree = "<group>";
		};
		70DAA8FB1908E37C00AF3749 /* Credits.rtf */ = {
			isa = PBXVariantGroup;
			children = (
				70DAA8FC1908E37C00AF3749 /* en */,
			);
			name = Credits.rtf;
			sourceTree = "<group>";
		};
/* End PBXVariantGroup section */

/* Begin XCBuildConfiguration section */
		70BD675C18FF9DAE00A1EFCF /* Debug */ = {
			isa = XCBuildConfiguration;
			buildSettings = {
				ALWAYS_SEARCH_USER_PATHS = NO;
				CLANG_CXX_LANGUAGE_STANDARD = "gnu++0x";
				CLANG_CXX_LIBRARY = "libc++";
				CLANG_ENABLE_MODULES = YES;
				CLANG_ENABLE_OBJC_ARC = YES;
				CLANG_WARN_BOOL_CONVERSION = YES;
				CLANG_WARN_CONSTANT_CONVERSION = YES;
				CLANG_WARN_DIRECT_OBJC_ISA_USAGE = YES_ERROR;
				CLANG_WARN_EMPTY_BODY = YES;
				CLANG_WARN_ENUM_CONVERSION = YES;
				CLANG_WARN_INT_CONVERSION = YES;
				CLANG_WARN_OBJC_ROOT_CLASS = YES_ERROR;
				CLANG_WARN__DUPLICATE_METHOD_MATCH = YES;
				COPY_PHASE_STRIP = NO;
				GCC_C_LANGUAGE_STANDARD = gnu99;
				GCC_DYNAMIC_NO_PIC = NO;
				GCC_ENABLE_OBJC_EXCEPTIONS = YES;
				GCC_OPTIMIZATION_LEVEL = 0;
				GCC_PREPROCESSOR_DEFINITIONS = (
					"DEBUG=1",
					"$(inherited)",
				);
				GCC_SYMBOLS_PRIVATE_EXTERN = NO;
				GCC_WARN_64_TO_32_BIT_CONVERSION = YES;
				GCC_WARN_ABOUT_RETURN_TYPE = YES_ERROR;
				GCC_WARN_UNDECLARED_SELECTOR = YES;
				GCC_WARN_UNINITIALIZED_AUTOS = YES_AGGRESSIVE;
				GCC_WARN_UNUSED_FUNCTION = YES;
				GCC_WARN_UNUSED_VARIABLE = YES;
				MACOSX_DEPLOYMENT_TARGET = 10.9;
				ONLY_ACTIVE_ARCH = YES;
				PRODUCT_NAME = Cordova;
				PUBLIC_HEADERS_FOLDER_PATH = include/Cordova;
				SDKROOT = macosx;
			};
			name = Debug;
		};
		70BD675D18FF9DAE00A1EFCF /* Release */ = {
			isa = XCBuildConfiguration;
			buildSettings = {
				ALWAYS_SEARCH_USER_PATHS = NO;
				CLANG_CXX_LANGUAGE_STANDARD = "gnu++0x";
				CLANG_CXX_LIBRARY = "libc++";
				CLANG_ENABLE_MODULES = YES;
				CLANG_ENABLE_OBJC_ARC = YES;
				CLANG_WARN_BOOL_CONVERSION = YES;
				CLANG_WARN_CONSTANT_CONVERSION = YES;
				CLANG_WARN_DIRECT_OBJC_ISA_USAGE = YES_ERROR;
				CLANG_WARN_EMPTY_BODY = YES;
				CLANG_WARN_ENUM_CONVERSION = YES;
				CLANG_WARN_INT_CONVERSION = YES;
				CLANG_WARN_OBJC_ROOT_CLASS = YES_ERROR;
				CLANG_WARN__DUPLICATE_METHOD_MATCH = YES;
				COPY_PHASE_STRIP = YES;
				DEBUG_INFORMATION_FORMAT = "dwarf-with-dsym";
				ENABLE_NS_ASSERTIONS = NO;
				GCC_C_LANGUAGE_STANDARD = gnu99;
				GCC_ENABLE_OBJC_EXCEPTIONS = YES;
				GCC_WARN_64_TO_32_BIT_CONVERSION = YES;
				GCC_WARN_ABOUT_RETURN_TYPE = YES_ERROR;
				GCC_WARN_UNDECLARED_SELECTOR = YES;
				GCC_WARN_UNINITIALIZED_AUTOS = YES_AGGRESSIVE;
				GCC_WARN_UNUSED_FUNCTION = YES;
				GCC_WARN_UNUSED_VARIABLE = YES;
				MACOSX_DEPLOYMENT_TARGET = 10.9;
				PRODUCT_NAME = Cordova;
				PUBLIC_HEADERS_FOLDER_PATH = include/Cordova;
				SDKROOT = macosx;
			};
			name = Release;
		};
		70BD675F18FF9DAE00A1EFCF /* Debug */ = {
			isa = XCBuildConfiguration;
			buildSettings = {
				GCC_PRECOMPILE_PREFIX_HEADER = YES;
				GCC_PREFIX_HEADER = "CordovaLib/CordovaLib-Prefix.pch";
				GENERATE_MASTER_OBJECT_FILE = YES;
				PRIVATE_HEADERS_FOLDER_PATH = "$(PUBLIC_HEADERS_FOLDER_PATH)/Private";
				PRODUCT_NAME = "$(TARGET_NAME)";
				PUBLIC_HEADERS_FOLDER_PATH = "include/$(TARGET_NAME)";
				SKIP_INSTALL = YES;
			};
			name = Debug;
		};
		70BD676018FF9DAE00A1EFCF /* Release */ = {
			isa = XCBuildConfiguration;
			buildSettings = {
				GCC_PRECOMPILE_PREFIX_HEADER = YES;
				GCC_PREFIX_HEADER = "CordovaLib/CordovaLib-Prefix.pch";
				GENERATE_MASTER_OBJECT_FILE = YES;
				PRIVATE_HEADERS_FOLDER_PATH = "$(PUBLIC_HEADERS_FOLDER_PATH)/Private";
				PRODUCT_NAME = "$(TARGET_NAME)";
				PUBLIC_HEADERS_FOLDER_PATH = "include/$(TARGET_NAME)";
				SKIP_INSTALL = YES;
			};
			name = Release;
		};
		70BD676218FF9DAE00A1EFCF /* Debug */ = {
			isa = XCBuildConfiguration;
			buildSettings = {
				BUNDLE_LOADER = "$(BUILT_PRODUCTS_DIR)/TestApp.app/Contents/MacOS/TestApp";
				COMBINE_HIDPI_IMAGES = YES;
				FRAMEWORK_SEARCH_PATHS = (
					"$(DEVELOPER_FRAMEWORKS_DIR)",
					"$(inherited)",
				);
				GCC_PRECOMPILE_PREFIX_HEADER = YES;
				GCC_PREFIX_HEADER = "CordovaLib/CordovaLib-Prefix.pch";
				GCC_PREPROCESSOR_DEFINITIONS = (
					"DEBUG=1",
					"$(inherited)",
				);
				INFOPLIST_FILE = "CordovaLibTests/CordovaLibTests-Info.plist";
				OTHER_LDFLAGS = (
					"-all_load",
					"-ObjC",
					"-framework",
					SenTestingKit,
				);
				PRODUCT_NAME = "$(TARGET_NAME)";
				TEST_HOST = "$(BUNDLE_LOADER)";
				WRAPPER_EXTENSION = octest;
			};
			name = Debug;
		};
		70BD676318FF9DAE00A1EFCF /* Release */ = {
			isa = XCBuildConfiguration;
			buildSettings = {
				BUNDLE_LOADER = "$(BUILT_PRODUCTS_DIR)/TestApp.app/Contents/MacOS/TestApp";
				COMBINE_HIDPI_IMAGES = YES;
				FRAMEWORK_SEARCH_PATHS = (
					"$(DEVELOPER_FRAMEWORKS_DIR)",
					"$(inherited)",
				);
				GCC_PRECOMPILE_PREFIX_HEADER = YES;
				GCC_PREFIX_HEADER = "CordovaLib/CordovaLib-Prefix.pch";
				INFOPLIST_FILE = "CordovaLibTests/CordovaLibTests-Info.plist";
				OTHER_LDFLAGS = (
					"-all_load",
					"-ObjC",
					"-framework",
					SenTestingKit,
				);
				PRODUCT_NAME = "$(TARGET_NAME)";
				TEST_HOST = "$(BUNDLE_LOADER)";
				WRAPPER_EXTENSION = octest;
			};
			name = Release;
		};
		70DAA9181908E37C00AF3749 /* Debug */ = {
			isa = XCBuildConfiguration;
			buildSettings = {
				COMBINE_HIDPI_IMAGES = YES;
				FRAMEWORK_SEARCH_PATHS = (
					"$(inherited)",
					"$(DEVELOPER_FRAMEWORKS_DIR)",
				);
				GCC_PRECOMPILE_PREFIX_HEADER = YES;
				GCC_PREFIX_HEADER = "CordovaLibTests/TestApp/TestApp-Prefix.pch";
				GCC_PREPROCESSOR_DEFINITIONS = (
					"DEBUG=1",
					"$(inherited)",
				);
				INFOPLIST_FILE = "CordovaLibTests/TestApp/TestApp-Info.plist";
				MACOSX_DEPLOYMENT_TARGET = 10.8;
				OTHER_LDFLAGS = "-ObjC";
				PRODUCT_NAME = "$(TARGET_NAME)";
				WRAPPER_EXTENSION = app;
			};
			name = Debug;
		};
		70DAA9191908E37C00AF3749 /* Release */ = {
			isa = XCBuildConfiguration;
			buildSettings = {
				COMBINE_HIDPI_IMAGES = YES;
				FRAMEWORK_SEARCH_PATHS = (
					"$(inherited)",
					"$(DEVELOPER_FRAMEWORKS_DIR)",
				);
				GCC_PRECOMPILE_PREFIX_HEADER = YES;
				GCC_PREFIX_HEADER = "CordovaLibTests/TestApp/TestApp-Prefix.pch";
				INFOPLIST_FILE = "CordovaLibTests/TestApp/TestApp-Info.plist";
				MACOSX_DEPLOYMENT_TARGET = 10.8;
				OTHER_LDFLAGS = "-ObjC";
				PRODUCT_NAME = "$(TARGET_NAME)";
				WRAPPER_EXTENSION = app;
			};
			name = Release;
		};
/* End XCBuildConfiguration section */

/* Begin XCConfigurationList section */
		70BD673518FF9DAE00A1EFCF /* Build configuration list for PBXProject "CordovaLib" */ = {
			isa = XCConfigurationList;
			buildConfigurations = (
				70BD675C18FF9DAE00A1EFCF /* Debug */,
				70BD675D18FF9DAE00A1EFCF /* Release */,
			);
			defaultConfigurationIsVisible = 0;
			defaultConfigurationName = Release;
		};
		70BD675E18FF9DAE00A1EFCF /* Build configuration list for PBXNativeTarget "Cordova" */ = {
			isa = XCConfigurationList;
			buildConfigurations = (
				70BD675F18FF9DAE00A1EFCF /* Debug */,
				70BD676018FF9DAE00A1EFCF /* Release */,
			);
			defaultConfigurationIsVisible = 0;
			defaultConfigurationName = Release;
		};
		70BD676118FF9DAE00A1EFCF /* Build configuration list for PBXNativeTarget "CordovaLibTests" */ = {
			isa = XCConfigurationList;
			buildConfigurations = (
				70BD676218FF9DAE00A1EFCF /* Debug */,
				70BD676318FF9DAE00A1EFCF /* Release */,
			);
			defaultConfigurationIsVisible = 0;
			defaultConfigurationName = Release;
		};
		70DAA9171908E37C00AF3749 /* Build configuration list for PBXNativeTarget "TestApp" */ = {
			isa = XCConfigurationList;
			buildConfigurations = (
				70DAA9181908E37C00AF3749 /* Debug */,
				70DAA9191908E37C00AF3749 /* Release */,
			);
			defaultConfigurationIsVisible = 0;
			defaultConfigurationName = Release;
		};
/* End XCConfigurationList section */
	};
	rootObject = 70BD673218FF9DAE00A1EFCF /* Project object */;
}
