// !$*UTF8*$!
{
	archiveVersion = 1;
	classes = {
	};
	objectVersion = 46;
	objects = {

/* Begin PBXBuildFile section */
		48B43519152E5E3500906A36 /* Cocoa.framework in Frameworks */ = {isa = PBXBuildFile; fileRef = 48B43518152E5E3500906A36 /* Cocoa.framework */; };
		48B43525152E5E3500906A36 /* main.m in Sources */ = {isa = PBXBuildFile; fileRef = 48B43524152E5E3500906A36 /* main.m */; };
		48B43536152E5E4100906A36 /* WebKit.framework in Frameworks */ = {isa = PBXBuildFile; fileRef = 48B43535152E5E4100906A36 /* WebKit.framework */; };
		48B43538152E5E6B00906A36 /* www in Resources */ = {isa = PBXBuildFile; fileRef = 48B43537152E5E6B00906A36 /* www */; };
		7E608F2B16E7D9B00018F512 /* config.xml in Resources */ = {isa = PBXBuildFile; fileRef = 7E608F2A16E7D9B00018F512 /* config.xml */; };
		7E608F3C16E7EE8D0018F512 /* AppDelegate.m in Sources */ = {isa = PBXBuildFile; fileRef = 7E608F3416E7EE8D0018F512 /* AppDelegate.m */; };
		7E608F4816E7EE970018F512 /* Cordova.icns in Resources */ = {isa = PBXBuildFile; fileRef = 7E608F4116E7EE970018F512 /* Cordova.icns */; };
		7E608F4916E7EE970018F512 /* Credits.rtf in Resources */ = {isa = PBXBuildFile; fileRef = 7E608F4216E7EE970018F512 /* Credits.rtf */; };
		7E608F4A16E7EE970018F512 /* InfoPlist.strings in Resources */ = {isa = PBXBuildFile; fileRef = 7E608F4416E7EE970018F512 /* InfoPlist.strings */; };
		7E608F4B16E7EE970018F512 /* MainViewController.xib in Resources */ = {isa = PBXBuildFile; fileRef = 7E608F4616E7EE970018F512 /* MainViewController.xib */; };
		7E608F6F16E7EEA60018F512 /* CDVBridge.m in Sources */ = {isa = PBXBuildFile; fileRef = 7E608F4E16E7EEA60018F512 /* CDVBridge.m */; };
		7E608F7016E7EEA60018F512 /* CDVCommandDelegateImpl.m in Sources */ = {isa = PBXBuildFile; fileRef = 7E608F5416E7EEA60018F512 /* CDVCommandDelegateImpl.m */; };
		7E608F7116E7EEA60018F512 /* CDVCommandQueue.m in Sources */ = {isa = PBXBuildFile; fileRef = 7E608F5616E7EEA60018F512 /* CDVCommandQueue.m */; };
		7E608F7216E7EEA60018F512 /* CDVConfigParser.m in Sources */ = {isa = PBXBuildFile; fileRef = 7E608F5816E7EEA60018F512 /* CDVConfigParser.m */; };
		7E608F7316E7EEA60018F512 /* CDVConnection.m in Sources */ = {isa = PBXBuildFile; fileRef = 7E608F5A16E7EEA60018F512 /* CDVConnection.m */; };
		7E608F7416E7EEA60018F512 /* CDVConsole.m in Sources */ = {isa = PBXBuildFile; fileRef = 7E608F5C16E7EEA60018F512 /* CDVConsole.m */; };
		7E608F7516E7EEA60018F512 /* CDVDevice.m in Sources */ = {isa = PBXBuildFile; fileRef = 7E608F5F16E7EEA60018F512 /* CDVDevice.m */; };
		7E608F7616E7EEA60018F512 /* CDVInvokedUrlCommand.m in Sources */ = {isa = PBXBuildFile; fileRef = 7E608F6116E7EEA60018F512 /* CDVInvokedUrlCommand.m */; };
		7E608F7716E7EEA60018F512 /* CDVJSON.m in Sources */ = {isa = PBXBuildFile; fileRef = 7E608F6316E7EEA60018F512 /* CDVJSON.m */; };
		7E608F7816E7EEA60018F512 /* CDVPlugin.m in Sources */ = {isa = PBXBuildFile; fileRef = 7E608F6516E7EEA60018F512 /* CDVPlugin.m */; };
		7E608F7916E7EEA60018F512 /* CDVPluginResult.m in Sources */ = {isa = PBXBuildFile; fileRef = 7E608F6716E7EEA60018F512 /* CDVPluginResult.m */; };
		7E608F7A16E7EEA60018F512 /* CDVReachability.m in Sources */ = {isa = PBXBuildFile; fileRef = 7E608F6916E7EEA60018F512 /* CDVReachability.m */; };
		7E608F7F16E7F0320018F512 /* CDVViewController.m in Sources */ = {isa = PBXBuildFile; fileRef = 7E608F7E16E7F0320018F512 /* CDVViewController.m */; };
		7E608F8216E7F0880018F512 /* MainViewController.m in Sources */ = {isa = PBXBuildFile; fileRef = 7E608F8116E7F0880018F512 /* MainViewController.m */; };
		7E608F8716E7F9D80018F512 /* CDVWebViewDelegate.m in Sources */ = {isa = PBXBuildFile; fileRef = 7E608F8616E7F9D80018F512 /* CDVWebViewDelegate.m */; };
		7E608F8F16E7FC990018F512 /* CDVUtils.m in Sources */ = {isa = PBXBuildFile; fileRef = 7E608F8A16E7FC990018F512 /* CDVUtils.m */; };
		7E608F9016E7FC990018F512 /* NSData+Base64.m in Sources */ = {isa = PBXBuildFile; fileRef = 7E608F8C16E7FC990018F512 /* NSData+Base64.m */; };
		7E608F9116E7FC990018F512 /* NSMutableArray+QueueAdditions.m in Sources */ = {isa = PBXBuildFile; fileRef = 7E608F8E16E7FC990018F512 /* NSMutableArray+QueueAdditions.m */; };
		7E79276A16E7C900002E20B9 /* SystemConfiguration.framework in Frameworks */ = {isa = PBXBuildFile; fileRef = 7E79276916E7C8FF002E20B9 /* SystemConfiguration.framework */; };
/* End PBXBuildFile section */

/* Begin PBXFileReference section */
		48B43514152E5E3500906A36 /* CordovaMac.app */ = {isa = PBXFileReference; explicitFileType = wrapper.application; includeInIndex = 0; path = CordovaMac.app; sourceTree = BUILT_PRODUCTS_DIR; };
		48B43518152E5E3500906A36 /* Cocoa.framework */ = {isa = PBXFileReference; lastKnownFileType = wrapper.framework; name = Cocoa.framework; path = System/Library/Frameworks/Cocoa.framework; sourceTree = SDKROOT; };
		48B4351B152E5E3500906A36 /* AppKit.framework */ = {isa = PBXFileReference; lastKnownFileType = wrapper.framework; name = AppKit.framework; path = System/Library/Frameworks/AppKit.framework; sourceTree = SDKROOT; };
		48B4351C152E5E3500906A36 /* CoreData.framework */ = {isa = PBXFileReference; lastKnownFileType = wrapper.framework; name = CoreData.framework; path = System/Library/Frameworks/CoreData.framework; sourceTree = SDKROOT; };
		48B4351D152E5E3500906A36 /* Foundation.framework */ = {isa = PBXFileReference; lastKnownFileType = wrapper.framework; name = Foundation.framework; path = System/Library/Frameworks/Foundation.framework; sourceTree = SDKROOT; };
		48B43524152E5E3500906A36 /* main.m */ = {isa = PBXFileReference; lastKnownFileType = sourcecode.c.objc; name = main.m; path = CordovaMac/main.m; sourceTree = "<group>"; };
		48B43526152E5E3500906A36 /* CordovaMac-Prefix.pch */ = {isa = PBXFileReference; lastKnownFileType = sourcecode.c.h; name = "CordovaMac-Prefix.pch"; path = "CordovaMac/CordovaMac-Prefix.pch"; sourceTree = "<group>"; };
		48B43535152E5E4100906A36 /* WebKit.framework */ = {isa = PBXFileReference; lastKnownFileType = wrapper.framework; name = WebKit.framework; path = System/Library/Frameworks/WebKit.framework; sourceTree = SDKROOT; };
		48B43537152E5E6B00906A36 /* www */ = {isa = PBXFileReference; lastKnownFileType = folder; path = www; sourceTree = "<group>"; };
		7E608F2A16E7D9B00018F512 /* config.xml */ = {isa = PBXFileReference; fileEncoding = 4; lastKnownFileType = text.xml; name = config.xml; path = CordovaMac/config.xml; sourceTree = "<group>"; };
		7E608F3316E7EE8D0018F512 /* AppDelegate.h */ = {isa = PBXFileReference; fileEncoding = 4; lastKnownFileType = sourcecode.c.h; path = AppDelegate.h; sourceTree = "<group>"; };
		7E608F3416E7EE8D0018F512 /* AppDelegate.m */ = {isa = PBXFileReference; fileEncoding = 4; lastKnownFileType = sourcecode.c.objc; path = AppDelegate.m; sourceTree = "<group>"; };
		7E608F3516E7EE8D0018F512 /* Constants.h */ = {isa = PBXFileReference; fileEncoding = 4; lastKnownFileType = sourcecode.c.h; path = Constants.h; sourceTree = "<group>"; };
		7E608F4116E7EE970018F512 /* Cordova.icns */ = {isa = PBXFileReference; lastKnownFileType = image.icns; path = Cordova.icns; sourceTree = "<group>"; };
		7E608F4316E7EE970018F512 /* en */ = {isa = PBXFileReference; lastKnownFileType = text.rtf; name = en; path = en.lproj/Credits.rtf; sourceTree = "<group>"; };
		7E608F4516E7EE970018F512 /* en */ = {isa = PBXFileReference; lastKnownFileType = text.plist.strings; name = en; path = en.lproj/InfoPlist.strings; sourceTree = "<group>"; };
		7E608F4716E7EE970018F512 /* en */ = {isa = PBXFileReference; lastKnownFileType = file.xib; name = en; path = en.lproj/MainViewController.xib; sourceTree = "<group>"; };
		7E608F4D16E7EEA60018F512 /* CDVBridge.h */ = {isa = PBXFileReference; fileEncoding = 4; lastKnownFileType = sourcecode.c.h; path = CDVBridge.h; sourceTree = "<group>"; };
		7E608F4E16E7EEA60018F512 /* CDVBridge.m */ = {isa = PBXFileReference; fileEncoding = 4; lastKnownFileType = sourcecode.c.objc; path = CDVBridge.m; sourceTree = "<group>"; };
		7E608F5016E7EEA60018F512 /* CDV.h */ = {isa = PBXFileReference; fileEncoding = 4; lastKnownFileType = sourcecode.c.h; path = CDV.h; sourceTree = "<group>"; };
		7E608F5116E7EEA60018F512 /* CDVAvailability.h */ = {isa = PBXFileReference; fileEncoding = 4; lastKnownFileType = sourcecode.c.h; path = CDVAvailability.h; sourceTree = "<group>"; };
		7E608F5216E7EEA60018F512 /* CDVCommandDelegate.h */ = {isa = PBXFileReference; fileEncoding = 4; lastKnownFileType = sourcecode.c.h; path = CDVCommandDelegate.h; sourceTree = "<group>"; };
		7E608F5316E7EEA60018F512 /* CDVCommandDelegateImpl.h */ = {isa = PBXFileReference; fileEncoding = 4; lastKnownFileType = sourcecode.c.h; path = CDVCommandDelegateImpl.h; sourceTree = "<group>"; };
		7E608F5416E7EEA60018F512 /* CDVCommandDelegateImpl.m */ = {isa = PBXFileReference; fileEncoding = 4; lastKnownFileType = sourcecode.c.objc; path = CDVCommandDelegateImpl.m; sourceTree = "<group>"; };
		7E608F5516E7EEA60018F512 /* CDVCommandQueue.h */ = {isa = PBXFileReference; fileEncoding = 4; lastKnownFileType = sourcecode.c.h; path = CDVCommandQueue.h; sourceTree = "<group>"; };
		7E608F5616E7EEA60018F512 /* CDVCommandQueue.m */ = {isa = PBXFileReference; fileEncoding = 4; lastKnownFileType = sourcecode.c.objc; path = CDVCommandQueue.m; sourceTree = "<group>"; };
		7E608F5716E7EEA60018F512 /* CDVConfigParser.h */ = {isa = PBXFileReference; fileEncoding = 4; lastKnownFileType = sourcecode.c.h; path = CDVConfigParser.h; sourceTree = "<group>"; };
		7E608F5816E7EEA60018F512 /* CDVConfigParser.m */ = {isa = PBXFileReference; fileEncoding = 4; lastKnownFileType = sourcecode.c.objc; path = CDVConfigParser.m; sourceTree = "<group>"; };
		7E608F5916E7EEA60018F512 /* CDVConnection.h */ = {isa = PBXFileReference; fileEncoding = 4; lastKnownFileType = sourcecode.c.h; path = CDVConnection.h; sourceTree = "<group>"; };
		7E608F5A16E7EEA60018F512 /* CDVConnection.m */ = {isa = PBXFileReference; fileEncoding = 4; lastKnownFileType = sourcecode.c.objc; path = CDVConnection.m; sourceTree = "<group>"; };
		7E608F5B16E7EEA60018F512 /* CDVConsole.h */ = {isa = PBXFileReference; fileEncoding = 4; lastKnownFileType = sourcecode.c.h; path = CDVConsole.h; sourceTree = "<group>"; };
		7E608F5C16E7EEA60018F512 /* CDVConsole.m */ = {isa = PBXFileReference; fileEncoding = 4; lastKnownFileType = sourcecode.c.objc; path = CDVConsole.m; sourceTree = "<group>"; };
		7E608F5D16E7EEA60018F512 /* CDVDebug.h */ = {isa = PBXFileReference; fileEncoding = 4; lastKnownFileType = sourcecode.c.h; path = CDVDebug.h; sourceTree = "<group>"; };
		7E608F5E16E7EEA60018F512 /* CDVDevice.h */ = {isa = PBXFileReference; fileEncoding = 4; lastKnownFileType = sourcecode.c.h; path = CDVDevice.h; sourceTree = "<group>"; };
		7E608F5F16E7EEA60018F512 /* CDVDevice.m */ = {isa = PBXFileReference; fileEncoding = 4; lastKnownFileType = sourcecode.c.objc; path = CDVDevice.m; sourceTree = "<group>"; };
		7E608F6016E7EEA60018F512 /* CDVInvokedUrlCommand.h */ = {isa = PBXFileReference; fileEncoding = 4; lastKnownFileType = sourcecode.c.h; path = CDVInvokedUrlCommand.h; sourceTree = "<group>"; };
		7E608F6116E7EEA60018F512 /* CDVInvokedUrlCommand.m */ = {isa = PBXFileReference; fileEncoding = 4; lastKnownFileType = sourcecode.c.objc; path = CDVInvokedUrlCommand.m; sourceTree = "<group>"; };
		7E608F6216E7EEA60018F512 /* CDVJSON.h */ = {isa = PBXFileReference; fileEncoding = 4; lastKnownFileType = sourcecode.c.h; path = CDVJSON.h; sourceTree = "<group>"; };
		7E608F6316E7EEA60018F512 /* CDVJSON.m */ = {isa = PBXFileReference; fileEncoding = 4; lastKnownFileType = sourcecode.c.objc; path = CDVJSON.m; sourceTree = "<group>"; };
		7E608F6416E7EEA60018F512 /* CDVPlugin.h */ = {isa = PBXFileReference; fileEncoding = 4; lastKnownFileType = sourcecode.c.h; path = CDVPlugin.h; sourceTree = "<group>"; };
		7E608F6516E7EEA60018F512 /* CDVPlugin.m */ = {isa = PBXFileReference; fileEncoding = 4; lastKnownFileType = sourcecode.c.objc; path = CDVPlugin.m; sourceTree = "<group>"; };
		7E608F6616E7EEA60018F512 /* CDVPluginResult.h */ = {isa = PBXFileReference; fileEncoding = 4; lastKnownFileType = sourcecode.c.h; path = CDVPluginResult.h; sourceTree = "<group>"; };
		7E608F6716E7EEA60018F512 /* CDVPluginResult.m */ = {isa = PBXFileReference; fileEncoding = 4; lastKnownFileType = sourcecode.c.objc; path = CDVPluginResult.m; sourceTree = "<group>"; };
		7E608F6816E7EEA60018F512 /* CDVReachability.h */ = {isa = PBXFileReference; fileEncoding = 4; lastKnownFileType = sourcecode.c.h; path = CDVReachability.h; sourceTree = "<group>"; };
		7E608F6916E7EEA60018F512 /* CDVReachability.m */ = {isa = PBXFileReference; fileEncoding = 4; lastKnownFileType = sourcecode.c.objc; path = CDVReachability.m; sourceTree = "<group>"; };
		7E608F7D16E7F0320018F512 /* CDVViewController.h */ = {isa = PBXFileReference; fileEncoding = 4; lastKnownFileType = sourcecode.c.h; path = CDVViewController.h; sourceTree = "<group>"; };
		7E608F7E16E7F0320018F512 /* CDVViewController.m */ = {isa = PBXFileReference; fileEncoding = 4; lastKnownFileType = sourcecode.c.objc; path = CDVViewController.m; sourceTree = "<group>"; };
		7E608F8016E7F0880018F512 /* MainViewController.h */ = {isa = PBXFileReference; fileEncoding = 4; lastKnownFileType = sourcecode.c.h; path = MainViewController.h; sourceTree = "<group>"; };
		7E608F8116E7F0880018F512 /* MainViewController.m */ = {isa = PBXFileReference; fileEncoding = 4; lastKnownFileType = sourcecode.c.objc; path = MainViewController.m; sourceTree = "<group>"; };
		7E608F8316E7F6940018F512 /* CordovaMac-Info.plist */ = {isa = PBXFileReference; fileEncoding = 4; lastKnownFileType = text.plist.xml; name = "CordovaMac-Info.plist"; path = "CordovaMac/CordovaMac-Info.plist"; sourceTree = SOURCE_ROOT; };
		7E608F8516E7F9D80018F512 /* CDVWebViewDelegate.h */ = {isa = PBXFileReference; fileEncoding = 4; lastKnownFileType = sourcecode.c.h; path = CDVWebViewDelegate.h; sourceTree = "<group>"; };
		7E608F8616E7F9D80018F512 /* CDVWebViewDelegate.m */ = {isa = PBXFileReference; fileEncoding = 4; lastKnownFileType = sourcecode.c.objc; path = CDVWebViewDelegate.m; sourceTree = "<group>"; };
		7E608F8916E7FC990018F512 /* CDVUtils.h */ = {isa = PBXFileReference; fileEncoding = 4; lastKnownFileType = sourcecode.c.h; path = CDVUtils.h; sourceTree = "<group>"; };
		7E608F8A16E7FC990018F512 /* CDVUtils.m */ = {isa = PBXFileReference; fileEncoding = 4; lastKnownFileType = sourcecode.c.objc; path = CDVUtils.m; sourceTree = "<group>"; };
		7E608F8B16E7FC990018F512 /* NSData+Base64.h */ = {isa = PBXFileReference; fileEncoding = 4; lastKnownFileType = sourcecode.c.h; path = "NSData+Base64.h"; sourceTree = "<group>"; };
		7E608F8C16E7FC990018F512 /* NSData+Base64.m */ = {isa = PBXFileReference; fileEncoding = 4; lastKnownFileType = sourcecode.c.objc; path = "NSData+Base64.m"; sourceTree = "<group>"; };
		7E608F8D16E7FC990018F512 /* NSMutableArray+QueueAdditions.h */ = {isa = PBXFileReference; fileEncoding = 4; lastKnownFileType = sourcecode.c.h; path = "NSMutableArray+QueueAdditions.h"; sourceTree = "<group>"; };
		7E608F8E16E7FC990018F512 /* NSMutableArray+QueueAdditions.m */ = {isa = PBXFileReference; fileEncoding = 4; lastKnownFileType = sourcecode.c.objc; path = "NSMutableArray+QueueAdditions.m"; sourceTree = "<group>"; };
		7E79276916E7C8FF002E20B9 /* SystemConfiguration.framework */ = {isa = PBXFileReference; lastKnownFileType = wrapper.framework; name = SystemConfiguration.framework; path = System/Library/Frameworks/SystemConfiguration.framework; sourceTree = SDKROOT; };
/* End PBXFileReference section */

/* Begin PBXFrameworksBuildPhase section */
		48B43511152E5E3500906A36 /* Frameworks */ = {
			isa = PBXFrameworksBuildPhase;
			buildActionMask = 2147483647;
			files = (
				7E79276A16E7C900002E20B9 /* SystemConfiguration.framework in Frameworks */,
				48B43536152E5E4100906A36 /* WebKit.framework in Frameworks */,
				48B43519152E5E3500906A36 /* Cocoa.framework in Frameworks */,
			);
			runOnlyForDeploymentPostprocessing = 0;
		};
/* End PBXFrameworksBuildPhase section */

/* Begin PBXGroup section */
		48B43509152E5E3500906A36 = {
			isa = PBXGroup;
			children = (
				7E608F2A16E7D9B00018F512 /* config.xml */,
				48B43537152E5E6B00906A36 /* www */,
				7E608F4C16E7EEA60018F512 /* CordovaLib */,
				7E608F4016E7EE970018F512 /* Resources */,
				7E608F3216E7EE8D0018F512 /* Classes */,
				7E608F2E16E7EC900018F512 /* Other Sources */,
				48B43517152E5E3500906A36 /* Frameworks */,
				48B43515152E5E3500906A36 /* Products */,
			);
			sourceTree = "<group>";
		};
		48B43515152E5E3500906A36 /* Products */ = {
			isa = PBXGroup;
			children = (
				48B43514152E5E3500906A36 /* CordovaMac.app */,
			);
			name = Products;
			sourceTree = "<group>";
		};
		48B43517152E5E3500906A36 /* Frameworks */ = {
			isa = PBXGroup;
			children = (
				7E79276916E7C8FF002E20B9 /* SystemConfiguration.framework */,
				48B43535152E5E4100906A36 /* WebKit.framework */,
				48B43518152E5E3500906A36 /* Cocoa.framework */,
				48B4351A152E5E3500906A36 /* Other Frameworks */,
			);
			name = Frameworks;
			sourceTree = "<group>";
		};
		48B4351A152E5E3500906A36 /* Other Frameworks */ = {
			isa = PBXGroup;
			children = (
				48B4351B152E5E3500906A36 /* AppKit.framework */,
				48B4351C152E5E3500906A36 /* CoreData.framework */,
				48B4351D152E5E3500906A36 /* Foundation.framework */,
			);
			name = "Other Frameworks";
			sourceTree = "<group>";
		};
		7E608F2E16E7EC900018F512 /* Other Sources */ = {
			isa = PBXGroup;
			children = (
				48B43524152E5E3500906A36 /* main.m */,
				48B43526152E5E3500906A36 /* CordovaMac-Prefix.pch */,
			);
			name = "Other Sources";
			sourceTree = "<group>";
		};
		7E608F3216E7EE8D0018F512 /* Classes */ = {
			isa = PBXGroup;
			children = (
				7E608F4616E7EE970018F512 /* MainViewController.xib */,
				7E608F3316E7EE8D0018F512 /* AppDelegate.h */,
				7E608F3416E7EE8D0018F512 /* AppDelegate.m */,
				7E608F3516E7EE8D0018F512 /* Constants.h */,
				7E608F8016E7F0880018F512 /* MainViewController.h */,
				7E608F8116E7F0880018F512 /* MainViewController.m */,
			);
			name = Classes;
			path = CordovaMac/Classes;
			sourceTree = "<group>";
		};
		7E608F4016E7EE970018F512 /* Resources */ = {
			isa = PBXGroup;
			children = (
				7E608F8316E7F6940018F512 /* CordovaMac-Info.plist */,
				7E608F4116E7EE970018F512 /* Cordova.icns */,
				7E608F4216E7EE970018F512 /* Credits.rtf */,
				7E608F4416E7EE970018F512 /* InfoPlist.strings */,
			);
			name = Resources;
			path = CordovaMac/Resources;
			sourceTree = "<group>";
		};
		7E608F4C16E7EEA60018F512 /* CordovaLib */ = {
			isa = PBXGroup;
			children = (
				7E608F8816E7FC990018F512 /* Utils */,
				7E608F4F16E7EEA60018F512 /* Commands */,
				7E608F8516E7F9D80018F512 /* CDVWebViewDelegate.h */,
				7E608F8616E7F9D80018F512 /* CDVWebViewDelegate.m */,
				7E608F4D16E7EEA60018F512 /* CDVBridge.h */,
				7E608F4E16E7EEA60018F512 /* CDVBridge.m */,
				7E608F7D16E7F0320018F512 /* CDVViewController.h */,
				7E608F7E16E7F0320018F512 /* CDVViewController.m */,
			);
			path = CordovaLib;
			sourceTree = "<group>";
		};
		7E608F4F16E7EEA60018F512 /* Commands */ = {
			isa = PBXGroup;
			children = (
				7E608F5016E7EEA60018F512 /* CDV.h */,
				7E608F5116E7EEA60018F512 /* CDVAvailability.h */,
				7E608F5216E7EEA60018F512 /* CDVCommandDelegate.h */,
				7E608F5316E7EEA60018F512 /* CDVCommandDelegateImpl.h */,
				7E608F5416E7EEA60018F512 /* CDVCommandDelegateImpl.m */,
				7E608F5516E7EEA60018F512 /* CDVCommandQueue.h */,
				7E608F5616E7EEA60018F512 /* CDVCommandQueue.m */,
				7E608F5716E7EEA60018F512 /* CDVConfigParser.h */,
				7E608F5816E7EEA60018F512 /* CDVConfigParser.m */,
				7E608F5916E7EEA60018F512 /* CDVConnection.h */,
				7E608F5A16E7EEA60018F512 /* CDVConnection.m */,
				7E608F5B16E7EEA60018F512 /* CDVConsole.h */,
				7E608F5C16E7EEA60018F512 /* CDVConsole.m */,
				7E608F5D16E7EEA60018F512 /* CDVDebug.h */,
				7E608F5E16E7EEA60018F512 /* CDVDevice.h */,
				7E608F5F16E7EEA60018F512 /* CDVDevice.m */,
				7E608F6016E7EEA60018F512 /* CDVInvokedUrlCommand.h */,
				7E608F6116E7EEA60018F512 /* CDVInvokedUrlCommand.m */,
				7E608F6216E7EEA60018F512 /* CDVJSON.h */,
				7E608F6316E7EEA60018F512 /* CDVJSON.m */,
				7E608F6416E7EEA60018F512 /* CDVPlugin.h */,
				7E608F6516E7EEA60018F512 /* CDVPlugin.m */,
				7E608F6616E7EEA60018F512 /* CDVPluginResult.h */,
				7E608F6716E7EEA60018F512 /* CDVPluginResult.m */,
				7E608F6816E7EEA60018F512 /* CDVReachability.h */,
				7E608F6916E7EEA60018F512 /* CDVReachability.m */,
			);
			path = Commands;
			sourceTree = "<group>";
		};
		7E608F8816E7FC990018F512 /* Utils */ = {
			isa = PBXGroup;
			children = (
				7E608F8916E7FC990018F512 /* CDVUtils.h */,
				7E608F8A16E7FC990018F512 /* CDVUtils.m */,
				7E608F8B16E7FC990018F512 /* NSData+Base64.h */,
				7E608F8C16E7FC990018F512 /* NSData+Base64.m */,
				7E608F8D16E7FC990018F512 /* NSMutableArray+QueueAdditions.h */,
				7E608F8E16E7FC990018F512 /* NSMutableArray+QueueAdditions.m */,
			);
			path = Utils;
			sourceTree = "<group>";
		};
/* End PBXGroup section */

/* Begin PBXNativeTarget section */
		48B43513152E5E3500906A36 /* CordovaMac */ = {
			isa = PBXNativeTarget;
			buildConfigurationList = 48B43532152E5E3600906A36 /* Build configuration list for PBXNativeTarget "CordovaMac" */;
			buildPhases = (
				48B43510152E5E3500906A36 /* Sources */,
				48B43511152E5E3500906A36 /* Frameworks */,
				48B43512152E5E3500906A36 /* Resources */,
			);
			buildRules = (
			);
			dependencies = (
			);
			name = CordovaMac;
			productName = CordovaMac;
			productReference = 48B43514152E5E3500906A36 /* CordovaMac.app */;
			productType = "com.apple.product-type.application";
		};
/* End PBXNativeTarget section */

/* Begin PBXProject section */
		48B4350B152E5E3500906A36 /* Project object */ = {
			isa = PBXProject;
			attributes = {
				CLASSPREFIX = CDV;
				LastUpgradeCheck = 0460;
				ORGANIZATIONNAME = OpenOSX.org;
			};
			buildConfigurationList = 48B4350E152E5E3500906A36 /* Build configuration list for PBXProject "CordovaMac" */;
			compatibilityVersion = "Xcode 3.2";
			developmentRegion = English;
			hasScannedForEncodings = 0;
			knownRegions = (
				en,
			);
			mainGroup = 48B43509152E5E3500906A36;
			productRefGroup = 48B43515152E5E3500906A36 /* Products */;
			projectDirPath = "";
			projectRoot = "";
			targets = (
				48B43513152E5E3500906A36 /* CordovaMac */,
			);
		};
/* End PBXProject section */

/* Begin PBXResourcesBuildPhase section */
		48B43512152E5E3500906A36 /* Resources */ = {
			isa = PBXResourcesBuildPhase;
			buildActionMask = 2147483647;
			files = (
				48B43538152E5E6B00906A36 /* www in Resources */,
				7E608F2B16E7D9B00018F512 /* config.xml in Resources */,
				7E608F4816E7EE970018F512 /* Cordova.icns in Resources */,
				7E608F4916E7EE970018F512 /* Credits.rtf in Resources */,
				7E608F4A16E7EE970018F512 /* InfoPlist.strings in Resources */,
				7E608F4B16E7EE970018F512 /* MainViewController.xib in Resources */,
			);
			runOnlyForDeploymentPostprocessing = 0;
		};
/* End PBXResourcesBuildPhase section */

/* Begin PBXSourcesBuildPhase section */
		48B43510152E5E3500906A36 /* Sources */ = {
			isa = PBXSourcesBuildPhase;
			buildActionMask = 2147483647;
			files = (
				48B43525152E5E3500906A36 /* main.m in Sources */,
				7E608F3C16E7EE8D0018F512 /* AppDelegate.m in Sources */,
				7E608F6F16E7EEA60018F512 /* CDVBridge.m in Sources */,
				7E608F7016E7EEA60018F512 /* CDVCommandDelegateImpl.m in Sources */,
				7E608F7116E7EEA60018F512 /* CDVCommandQueue.m in Sources */,
				7E608F7216E7EEA60018F512 /* CDVConfigParser.m in Sources */,
				7E608F7316E7EEA60018F512 /* CDVConnection.m in Sources */,
				7E608F7416E7EEA60018F512 /* CDVConsole.m in Sources */,
				7E608F7516E7EEA60018F512 /* CDVDevice.m in Sources */,
				7E608F7616E7EEA60018F512 /* CDVInvokedUrlCommand.m in Sources */,
				7E608F7716E7EEA60018F512 /* CDVJSON.m in Sources */,
				7E608F7816E7EEA60018F512 /* CDVPlugin.m in Sources */,
				7E608F7916E7EEA60018F512 /* CDVPluginResult.m in Sources */,
				7E608F7A16E7EEA60018F512 /* CDVReachability.m in Sources */,
				7E608F7F16E7F0320018F512 /* CDVViewController.m in Sources */,
				7E608F8216E7F0880018F512 /* MainViewController.m in Sources */,
				7E608F8716E7F9D80018F512 /* CDVWebViewDelegate.m in Sources */,
				7E608F8F16E7FC990018F512 /* CDVUtils.m in Sources */,
				7E608F9016E7FC990018F512 /* NSData+Base64.m in Sources */,
				7E608F9116E7FC990018F512 /* NSMutableArray+QueueAdditions.m in Sources */,
			);
			runOnlyForDeploymentPostprocessing = 0;
		};
/* End PBXSourcesBuildPhase section */

/* Begin PBXVariantGroup section */
		7E608F4216E7EE970018F512 /* Credits.rtf */ = {
			isa = PBXVariantGroup;
			children = (
				7E608F4316E7EE970018F512 /* en */,
			);
			name = Credits.rtf;
			sourceTree = "<group>";
		};
		7E608F4416E7EE970018F512 /* InfoPlist.strings */ = {
			isa = PBXVariantGroup;
			children = (
				7E608F4516E7EE970018F512 /* en */,
			);
			name = InfoPlist.strings;
			sourceTree = "<group>";
		};
		7E608F4616E7EE970018F512 /* MainViewController.xib */ = {
			isa = PBXVariantGroup;
			children = (
				7E608F4716E7EE970018F512 /* en */,
			);
			name = MainViewController.xib;
			path = ../Resources;
			sourceTree = "<group>";
		};
/* End PBXVariantGroup section */

/* Begin XCBuildConfiguration section */
		48B43530152E5E3600906A36 /* Debug */ = {
			isa = XCBuildConfiguration;
			buildSettings = {
				ALWAYS_SEARCH_USER_PATHS = NO;
				ARCHS = "$(ARCHS_STANDARD_64_BIT)";
				CLANG_WARN_CONSTANT_CONVERSION = YES;
				CLANG_WARN_ENUM_CONVERSION = YES;
				CLANG_WARN_INT_CONVERSION = YES;
				CLANG_WARN__DUPLICATE_METHOD_MATCH = YES;
				COPY_PHASE_STRIP = NO;
				GCC_C_LANGUAGE_STANDARD = gnu99;
				GCC_DYNAMIC_NO_PIC = NO;
				GCC_ENABLE_OBJC_EXCEPTIONS = YES;
				GCC_OPTIMIZATION_LEVEL = 0;
				GCC_PREPROCESSOR_DEFINITIONS = (
					"DEBUG=1",
					"$(inherited)",
				);
				GCC_SYMBOLS_PRIVATE_EXTERN = NO;
				GCC_VERSION = com.apple.compilers.llvm.clang.1_0;
				GCC_WARN_64_TO_32_BIT_CONVERSION = YES;
				GCC_WARN_ABOUT_RETURN_TYPE = YES;
				GCC_WARN_UNINITIALIZED_AUTOS = YES;
				GCC_WARN_UNUSED_VARIABLE = YES;
				MACOSX_DEPLOYMENT_TARGET = 10.7;
				ONLY_ACTIVE_ARCH = YES;
				SDKROOT = macosx;
			};
			name = Debug;
		};
		48B43531152E5E3600906A36 /* Release */ = {
			isa = XCBuildConfiguration;
			buildSettings = {
				ALWAYS_SEARCH_USER_PATHS = NO;
				ARCHS = "$(ARCHS_STANDARD_64_BIT)";
				CLANG_WARN_CONSTANT_CONVERSION = YES;
				CLANG_WARN_ENUM_CONVERSION = YES;
				CLANG_WARN_INT_CONVERSION = YES;
				CLANG_WARN__DUPLICATE_METHOD_MATCH = YES;
				COPY_PHASE_STRIP = YES;
				DEBUG_INFORMATION_FORMAT = "dwarf-with-dsym";
				GCC_C_LANGUAGE_STANDARD = gnu99;
				GCC_ENABLE_OBJC_EXCEPTIONS = YES;
				GCC_VERSION = com.apple.compilers.llvm.clang.1_0;
				GCC_WARN_64_TO_32_BIT_CONVERSION = YES;
				GCC_WARN_ABOUT_RETURN_TYPE = YES;
				GCC_WARN_UNINITIALIZED_AUTOS = YES;
				GCC_WARN_UNUSED_VARIABLE = YES;
				MACOSX_DEPLOYMENT_TARGET = 10.7;
				SDKROOT = macosx;
			};
			name = Release;
		};
		48B43533152E5E3600906A36 /* Debug */ = {
			isa = XCBuildConfiguration;
			buildSettings = {
				CLANG_ENABLE_OBJC_ARC = YES;
				COMBINE_HIDPI_IMAGES = YES;
				GCC_PRECOMPILE_PREFIX_HEADER = YES;
				GCC_PREFIX_HEADER = "CordovaMac/CordovaMac-Prefix.pch";
				INFOPLIST_FILE = "CordovaMac/CordovaMac-Info.plist";
				PRODUCT_NAME = "$(TARGET_NAME)";
				WRAPPER_EXTENSION = app;
			};
			name = Debug;
		};
		48B43534152E5E3600906A36 /* Release */ = {
			isa = XCBuildConfiguration;
			buildSettings = {
				CLANG_ENABLE_OBJC_ARC = YES;
				COMBINE_HIDPI_IMAGES = YES;
				GCC_PRECOMPILE_PREFIX_HEADER = YES;
				GCC_PREFIX_HEADER = "CordovaMac/CordovaMac-Prefix.pch";
				INFOPLIST_FILE = "CordovaMac/CordovaMac-Info.plist";
				PRODUCT_NAME = "$(TARGET_NAME)";
				WRAPPER_EXTENSION = app;
			};
			name = Release;
		};
/* End XCBuildConfiguration section */

/* Begin XCConfigurationList section */
		48B4350E152E5E3500906A36 /* Build configuration list for PBXProject "CordovaMac" */ = {
			isa = XCConfigurationList;
			buildConfigurations = (
				48B43530152E5E3600906A36 /* Debug */,
				48B43531152E5E3600906A36 /* Release */,
			);
			defaultConfigurationIsVisible = 0;
			defaultConfigurationName = Release;
		};
		48B43532152E5E3600906A36 /* Build configuration list for PBXNativeTarget "CordovaMac" */ = {
			isa = XCConfigurationList;
			buildConfigurations = (
				48B43533152E5E3600906A36 /* Debug */,
				48B43534152E5E3600906A36 /* Release */,
			);
			defaultConfigurationIsVisible = 0;
			defaultConfigurationName = Release;
		};
/* End XCConfigurationList section */
	};
	rootObject = 48B4350B152E5E3500906A36 /* Project object */;
}
